// !$*UTF8*$!
{
	archiveVersion = 1;
	classes = {
	};
	objectVersion = 46;
	objects = {

/* Begin PBXBuildFile section */
		3703C29B1B1FA6100082B5C6 /* main.m in Sources */ = {isa = PBXBuildFile; fileRef = 3703C29A1B1FA6100082B5C6 /* main.m */; };
		3703C29E1B1FA6100082B5C6 /* AppDelegate.m in Sources */ = {isa = PBXBuildFile; fileRef = 3703C29D1B1FA6100082B5C6 /* AppDelegate.m */; };
		3703C2A41B1FA6100082B5C6 /* Main.storyboard in Resources */ = {isa = PBXBuildFile; fileRef = 3703C2A21B1FA6100082B5C6 /* Main.storyboard */; };
		3703C2A61B1FA6100082B5C6 /* Images.xcassets in Resources */ = {isa = PBXBuildFile; fileRef = 3703C2A51B1FA6100082B5C6 /* Images.xcassets */; };
		3703C2A91B1FA6100082B5C6 /* LaunchScreen.xib in Resources */ = {isa = PBXBuildFile; fileRef = 3703C2A71B1FA6100082B5C6 /* LaunchScreen.xib */; };
		3703C2B51B1FA6100082B5C6 /* CollectTestsTests.m in Sources */ = {isa = PBXBuildFile; fileRef = 3703C2B41B1FA6100082B5C6 /* CollectTestsTests.m */; };
		3703C2C81B1FAAA90082B5C6 /* libTealiumCollect.a in Frameworks */ = {isa = PBXBuildFile; fileRef = 3703C2C41B1FA61F0082B5C6 /* libTealiumCollect.a */; };
		3703C2D01B1FAE000082B5C6 /* SystemConfiguration.framework in Frameworks */ = {isa = PBXBuildFile; fileRef = 3703C2CF1B1FAE000082B5C6 /* SystemConfiguration.framework */; };
		3703C49C1B20E1220082B5C6 /* TEALCollectAPIMenuViewController.m in Sources */ = {isa = PBXBuildFile; fileRef = 3703C49B1B20E1220082B5C6 /* TEALCollectAPIMenuViewController.m */; };
		3703C49D1B20E1220082B5C6 /* TEALCollectAPIMenuViewController.m in Sources */ = {isa = PBXBuildFile; fileRef = 3703C49B1B20E1220082B5C6 /* TEALCollectAPIMenuViewController.m */; };
		E7537B421B20FF08009896E7 /* TealiumUtilities.framework in Frameworks */ = {isa = PBXBuildFile; fileRef = E7537B411B20FF08009896E7 /* TealiumUtilities.framework */; };
		E7537B431B20FF08009896E7 /* TealiumUtilities.framework in Frameworks */ = {isa = PBXBuildFile; fileRef = E7537B411B20FF08009896E7 /* TealiumUtilities.framework */; };
		E7537B461B210059009896E7 /* TEALSettingsStoreTests.m in Sources */ = {isa = PBXBuildFile; fileRef = E7537B451B210059009896E7 /* TEALSettingsStoreTests.m */; };
		E7610B671B20F6B400F378C1 /* TealiumCollectTests.m in Sources */ = {isa = PBXBuildFile; fileRef = E7610B661B20F6B400F378C1 /* TealiumCollectTests.m */; };
		E7610B6A1B20FB5100F378C1 /* libTealiumCollect.a in Frameworks */ = {isa = PBXBuildFile; fileRef = 3703C2C41B1FA61F0082B5C6 /* libTealiumCollect.a */; };
/* End PBXBuildFile section */

/* Begin PBXContainerItemProxy section */
		3703C2AF1B1FA6100082B5C6 /* PBXContainerItemProxy */ = {
			isa = PBXContainerItemProxy;
			containerPortal = 3703C28D1B1FA6100082B5C6 /* Project object */;
			proxyType = 1;
			remoteGlobalIDString = 3703C2941B1FA6100082B5C6;
			remoteInfo = CollectTests;
		};
		3703C2C31B1FA61F0082B5C6 /* PBXContainerItemProxy */ = {
			isa = PBXContainerItemProxy;
			containerPortal = 3703C2BE1B1FA61F0082B5C6 /* TealiumCollect.xcodeproj */;
			proxyType = 2;
			remoteGlobalIDString = 370841751B1F6FAE0017A089;
			remoteInfo = TealiumCollect;
		};
		3703C2C51B1FA61F0082B5C6 /* PBXContainerItemProxy */ = {
			isa = PBXContainerItemProxy;
			containerPortal = 3703C2BE1B1FA61F0082B5C6 /* TealiumCollect.xcodeproj */;
			proxyType = 2;
			remoteGlobalIDString = 370841801B1F6FAE0017A089;
			remoteInfo = TealiumCollectTests;
		};
		3703C2C91B1FAAB00082B5C6 /* PBXContainerItemProxy */ = {
			isa = PBXContainerItemProxy;
			containerPortal = 3703C2BE1B1FA61F0082B5C6 /* TealiumCollect.xcodeproj */;
			proxyType = 1;
			remoteGlobalIDString = 370841741B1F6FAE0017A089;
			remoteInfo = TealiumCollect;
		};
/* End PBXContainerItemProxy section */

/* Begin PBXFileReference section */
		3703C2951B1FA6100082B5C6 /* CollectTests.app */ = {isa = PBXFileReference; explicitFileType = wrapper.application; includeInIndex = 0; path = CollectTests.app; sourceTree = BUILT_PRODUCTS_DIR; };
		3703C2991B1FA6100082B5C6 /* Info.plist */ = {isa = PBXFileReference; lastKnownFileType = text.plist.xml; path = Info.plist; sourceTree = "<group>"; };
		3703C29A1B1FA6100082B5C6 /* main.m */ = {isa = PBXFileReference; lastKnownFileType = sourcecode.c.objc; path = main.m; sourceTree = "<group>"; };
		3703C29C1B1FA6100082B5C6 /* AppDelegate.h */ = {isa = PBXFileReference; lastKnownFileType = sourcecode.c.h; path = AppDelegate.h; sourceTree = "<group>"; };
		3703C29D1B1FA6100082B5C6 /* AppDelegate.m */ = {isa = PBXFileReference; lastKnownFileType = sourcecode.c.objc; path = AppDelegate.m; sourceTree = "<group>"; };
		3703C2A31B1FA6100082B5C6 /* Base */ = {isa = PBXFileReference; lastKnownFileType = file.storyboard; name = Base; path = Base.lproj/Main.storyboard; sourceTree = "<group>"; };
		3703C2A51B1FA6100082B5C6 /* Images.xcassets */ = {isa = PBXFileReference; lastKnownFileType = folder.assetcatalog; path = Images.xcassets; sourceTree = "<group>"; };
		3703C2A81B1FA6100082B5C6 /* Base */ = {isa = PBXFileReference; lastKnownFileType = file.xib; name = Base; path = Base.lproj/LaunchScreen.xib; sourceTree = "<group>"; };
		3703C2AE1B1FA6100082B5C6 /* CollectTestsTests.xctest */ = {isa = PBXFileReference; explicitFileType = wrapper.cfbundle; includeInIndex = 0; path = CollectTestsTests.xctest; sourceTree = BUILT_PRODUCTS_DIR; };
		3703C2B31B1FA6100082B5C6 /* Info.plist */ = {isa = PBXFileReference; lastKnownFileType = text.plist.xml; path = Info.plist; sourceTree = "<group>"; };
		3703C2B41B1FA6100082B5C6 /* CollectTestsTests.m */ = {isa = PBXFileReference; lastKnownFileType = sourcecode.c.objc; path = CollectTestsTests.m; sourceTree = "<group>"; };
		3703C2BE1B1FA61F0082B5C6 /* TealiumCollect.xcodeproj */ = {isa = PBXFileReference; lastKnownFileType = "wrapper.pb-project"; name = TealiumCollect.xcodeproj; path = ../../../source/TealiumCollect/TealiumCollect.xcodeproj; sourceTree = "<group>"; };
		3703C2CF1B1FAE000082B5C6 /* SystemConfiguration.framework */ = {isa = PBXFileReference; lastKnownFileType = wrapper.framework; name = SystemConfiguration.framework; path = System/Library/Frameworks/SystemConfiguration.framework; sourceTree = SDKROOT; };
		3703C49A1B20E1220082B5C6 /* TEALCollectAPIMenuViewController.h */ = {isa = PBXFileReference; fileEncoding = 4; lastKnownFileType = sourcecode.c.h; path = TEALCollectAPIMenuViewController.h; sourceTree = "<group>"; };
		3703C49B1B20E1220082B5C6 /* TEALCollectAPIMenuViewController.m */ = {isa = PBXFileReference; fileEncoding = 4; lastKnownFileType = sourcecode.c.objc; path = TEALCollectAPIMenuViewController.m; sourceTree = "<group>"; };
		E7537B411B20FF08009896E7 /* TealiumUtilities.framework */ = {isa = PBXFileReference; lastKnownFileType = wrapper.framework; name = TealiumUtilities.framework; path = ../../release/TealiumUtilities.framework; sourceTree = "<group>"; };
		E7537B451B210059009896E7 /* TEALSettingsStoreTests.m */ = {isa = PBXFileReference; fileEncoding = 4; lastKnownFileType = sourcecode.c.objc; path = TEALSettingsStoreTests.m; sourceTree = "<group>"; };
		E7610B661B20F6B400F378C1 /* TealiumCollectTests.m */ = {isa = PBXFileReference; fileEncoding = 4; lastKnownFileType = sourcecode.c.objc; path = TealiumCollectTests.m; sourceTree = "<group>"; };
		E7610B681B20F6F100F378C1 /* TealiumCollect+PrivateHeader.h */ = {isa = PBXFileReference; lastKnownFileType = sourcecode.c.h; path = "TealiumCollect+PrivateHeader.h"; sourceTree = "<group>"; };
/* End PBXFileReference section */

/* Begin PBXFrameworksBuildPhase section */
		3703C2921B1FA6100082B5C6 /* Frameworks */ = {
			isa = PBXFrameworksBuildPhase;
			buildActionMask = 2147483647;
			files = (
				3703C2D01B1FAE000082B5C6 /* SystemConfiguration.framework in Frameworks */,
				3703C2C81B1FAAA90082B5C6 /* libTealiumCollect.a in Frameworks */,
				E7537B421B20FF08009896E7 /* TealiumUtilities.framework in Frameworks */,
			);
			runOnlyForDeploymentPostprocessing = 0;
		};
		3703C2AB1B1FA6100082B5C6 /* Frameworks */ = {
			isa = PBXFrameworksBuildPhase;
			buildActionMask = 2147483647;
			files = (
				E7610B6A1B20FB5100F378C1 /* libTealiumCollect.a in Frameworks */,
				E7537B431B20FF08009896E7 /* TealiumUtilities.framework in Frameworks */,
			);
			runOnlyForDeploymentPostprocessing = 0;
		};
/* End PBXFrameworksBuildPhase section */

/* Begin PBXGroup section */
		3703C28C1B1FA6100082B5C6 = {
			isa = PBXGroup;
			children = (
				3703C2971B1FA6100082B5C6 /* CollectTests */,
				3703C2CE1B1FABB30082B5C6 /* Frameworks */,
				3703C2B11B1FA6100082B5C6 /* CollectTestsTests */,
				3703C2961B1FA6100082B5C6 /* Products */,
			);
			sourceTree = "<group>";
		};
		3703C2961B1FA6100082B5C6 /* Products */ = {
			isa = PBXGroup;
			children = (
				3703C2951B1FA6100082B5C6 /* CollectTests.app */,
				3703C2AE1B1FA6100082B5C6 /* CollectTestsTests.xctest */,
			);
			name = Products;
			sourceTree = "<group>";
		};
		3703C2971B1FA6100082B5C6 /* CollectTests */ = {
			isa = PBXGroup;
			children = (
				3703C2C71B1FA6290082B5C6 /* Library */,
				3703C29C1B1FA6100082B5C6 /* AppDelegate.h */,
				3703C29D1B1FA6100082B5C6 /* AppDelegate.m */,
				3703C49A1B20E1220082B5C6 /* TEALCollectAPIMenuViewController.h */,
				3703C49B1B20E1220082B5C6 /* TEALCollectAPIMenuViewController.m */,
				3703C2A21B1FA6100082B5C6 /* Main.storyboard */,
				3703C2A51B1FA6100082B5C6 /* Images.xcassets */,
				3703C2A71B1FA6100082B5C6 /* LaunchScreen.xib */,
				3703C2981B1FA6100082B5C6 /* Supporting Files */,
			);
			path = CollectTests;
			sourceTree = "<group>";
		};
		3703C2981B1FA6100082B5C6 /* Supporting Files */ = {
			isa = PBXGroup;
			children = (
				3703C2991B1FA6100082B5C6 /* Info.plist */,
				3703C29A1B1FA6100082B5C6 /* main.m */,
			);
			name = "Supporting Files";
			sourceTree = "<group>";
		};
		3703C2B11B1FA6100082B5C6 /* CollectTestsTests */ = {
			isa = PBXGroup;
			children = (
				3703C2B41B1FA6100082B5C6 /* CollectTestsTests.m */,
				3703C2B21B1FA6100082B5C6 /* Supporting Files */,
				E7610B661B20F6B400F378C1 /* TealiumCollectTests.m */,
				E7610B681B20F6F100F378C1 /* TealiumCollect+PrivateHeader.h */,
				E7537B451B210059009896E7 /* TEALSettingsStoreTests.m */,
			);
			path = CollectTestsTests;
			sourceTree = "<group>";
		};
		3703C2B21B1FA6100082B5C6 /* Supporting Files */ = {
			isa = PBXGroup;
			children = (
				3703C2B31B1FA6100082B5C6 /* Info.plist */,
			);
			name = "Supporting Files";
			sourceTree = "<group>";
		};
		3703C2BF1B1FA61F0082B5C6 /* Products */ = {
			isa = PBXGroup;
			children = (
				3703C2C41B1FA61F0082B5C6 /* libTealiumCollect.a */,
				3703C2C61B1FA61F0082B5C6 /* TealiumCollectTests.xctest */,
			);
			name = Products;
			sourceTree = "<group>";
		};
		3703C2C71B1FA6290082B5C6 /* Library */ = {
			isa = PBXGroup;
			children = (
				3703C2BE1B1FA61F0082B5C6 /* TealiumCollect.xcodeproj */,
			);
			name = Library;
			sourceTree = "<group>";
		};
		3703C2CE1B1FABB30082B5C6 /* Frameworks */ = {
			isa = PBXGroup;
			children = (
				E7537B411B20FF08009896E7 /* TealiumUtilities.framework */,
				3703C2CF1B1FAE000082B5C6 /* SystemConfiguration.framework */,
			);
			name = Frameworks;
			sourceTree = "<group>";
		};
/* End PBXGroup section */

/* Begin PBXNativeTarget section */
		3703C2941B1FA6100082B5C6 /* CollectTests */ = {
			isa = PBXNativeTarget;
			buildConfigurationList = 3703C2B81B1FA6100082B5C6 /* Build configuration list for PBXNativeTarget "CollectTests" */;
			buildPhases = (
				3703C2911B1FA6100082B5C6 /* Sources */,
				3703C2921B1FA6100082B5C6 /* Frameworks */,
				3703C2931B1FA6100082B5C6 /* Resources */,
			);
			buildRules = (
			);
			dependencies = (
				3703C2CA1B1FAAB00082B5C6 /* PBXTargetDependency */,
			);
			name = CollectTests;
			productName = CollectTests;
			productReference = 3703C2951B1FA6100082B5C6 /* CollectTests.app */;
			productType = "com.apple.product-type.application";
		};
		3703C2AD1B1FA6100082B5C6 /* CollectTestsTests */ = {
			isa = PBXNativeTarget;
			buildConfigurationList = 3703C2BB1B1FA6100082B5C6 /* Build configuration list for PBXNativeTarget "CollectTestsTests" */;
			buildPhases = (
				3703C2AA1B1FA6100082B5C6 /* Sources */,
				3703C2AB1B1FA6100082B5C6 /* Frameworks */,
				3703C2AC1B1FA6100082B5C6 /* Resources */,
			);
			buildRules = (
			);
			dependencies = (
				3703C2B01B1FA6100082B5C6 /* PBXTargetDependency */,
			);
			name = CollectTestsTests;
			productName = CollectTestsTests;
			productReference = 3703C2AE1B1FA6100082B5C6 /* CollectTestsTests.xctest */;
			productType = "com.apple.product-type.bundle.unit-test";
		};
/* End PBXNativeTarget section */

/* Begin PBXProject section */
		3703C28D1B1FA6100082B5C6 /* Project object */ = {
			isa = PBXProject;
			attributes = {
				LastUpgradeCheck = 0630;
				ORGANIZATIONNAME = "Tealium Inc.";
				TargetAttributes = {
					3703C2941B1FA6100082B5C6 = {
						CreatedOnToolsVersion = 6.3.2;
					};
					3703C2AD1B1FA6100082B5C6 = {
						CreatedOnToolsVersion = 6.3.2;
						TestTargetID = 3703C2941B1FA6100082B5C6;
					};
				};
			};
			buildConfigurationList = 3703C2901B1FA6100082B5C6 /* Build configuration list for PBXProject "CollectTests" */;
			compatibilityVersion = "Xcode 3.2";
			developmentRegion = English;
			hasScannedForEncodings = 0;
			knownRegions = (
				en,
				Base,
			);
			mainGroup = 3703C28C1B1FA6100082B5C6;
			productRefGroup = 3703C2961B1FA6100082B5C6 /* Products */;
			projectDirPath = "";
			projectReferences = (
				{
					ProductGroup = 3703C2BF1B1FA61F0082B5C6 /* Products */;
					ProjectRef = 3703C2BE1B1FA61F0082B5C6 /* TealiumCollect.xcodeproj */;
				},
			);
			projectRoot = "";
			targets = (
				3703C2941B1FA6100082B5C6 /* CollectTests */,
				3703C2AD1B1FA6100082B5C6 /* CollectTestsTests */,
			);
		};
/* End PBXProject section */

/* Begin PBXReferenceProxy section */
		3703C2C41B1FA61F0082B5C6 /* libTealiumCollect.a */ = {
			isa = PBXReferenceProxy;
			fileType = archive.ar;
			path = libTealiumCollect.a;
			remoteRef = 3703C2C31B1FA61F0082B5C6 /* PBXContainerItemProxy */;
			sourceTree = BUILT_PRODUCTS_DIR;
		};
		3703C2C61B1FA61F0082B5C6 /* TealiumCollectTests.xctest */ = {
			isa = PBXReferenceProxy;
			fileType = wrapper.cfbundle;
			path = TealiumCollectTests.xctest;
			remoteRef = 3703C2C51B1FA61F0082B5C6 /* PBXContainerItemProxy */;
			sourceTree = BUILT_PRODUCTS_DIR;
		};
/* End PBXReferenceProxy section */

/* Begin PBXResourcesBuildPhase section */
		3703C2931B1FA6100082B5C6 /* Resources */ = {
			isa = PBXResourcesBuildPhase;
			buildActionMask = 2147483647;
			files = (
				3703C2A41B1FA6100082B5C6 /* Main.storyboard in Resources */,
				3703C2A91B1FA6100082B5C6 /* LaunchScreen.xib in Resources */,
				3703C2A61B1FA6100082B5C6 /* Images.xcassets in Resources */,
			);
			runOnlyForDeploymentPostprocessing = 0;
		};
		3703C2AC1B1FA6100082B5C6 /* Resources */ = {
			isa = PBXResourcesBuildPhase;
			buildActionMask = 2147483647;
			files = (
			);
			runOnlyForDeploymentPostprocessing = 0;
		};
/* End PBXResourcesBuildPhase section */

/* Begin PBXSourcesBuildPhase section */
		3703C2911B1FA6100082B5C6 /* Sources */ = {
			isa = PBXSourcesBuildPhase;
			buildActionMask = 2147483647;
			files = (
				3703C49C1B20E1220082B5C6 /* TEALCollectAPIMenuViewController.m in Sources */,
				3703C29E1B1FA6100082B5C6 /* AppDelegate.m in Sources */,
				3703C29B1B1FA6100082B5C6 /* main.m in Sources */,
			);
			runOnlyForDeploymentPostprocessing = 0;
		};
		3703C2AA1B1FA6100082B5C6 /* Sources */ = {
			isa = PBXSourcesBuildPhase;
			buildActionMask = 2147483647;
			files = (
				3703C2B51B1FA6100082B5C6 /* CollectTestsTests.m in Sources */,
				3703C49D1B20E1220082B5C6 /* TEALCollectAPIMenuViewController.m in Sources */,
				E7537B461B210059009896E7 /* TEALSettingsStoreTests.m in Sources */,
				E7610B671B20F6B400F378C1 /* TealiumCollectTests.m in Sources */,
			);
			runOnlyForDeploymentPostprocessing = 0;
		};
/* End PBXSourcesBuildPhase section */

/* Begin PBXTargetDependency section */
		3703C2B01B1FA6100082B5C6 /* PBXTargetDependency */ = {
			isa = PBXTargetDependency;
			target = 3703C2941B1FA6100082B5C6 /* CollectTests */;
			targetProxy = 3703C2AF1B1FA6100082B5C6 /* PBXContainerItemProxy */;
		};
		3703C2CA1B1FAAB00082B5C6 /* PBXTargetDependency */ = {
			isa = PBXTargetDependency;
			name = TealiumCollect;
			targetProxy = 3703C2C91B1FAAB00082B5C6 /* PBXContainerItemProxy */;
		};
/* End PBXTargetDependency section */

/* Begin PBXVariantGroup section */
		3703C2A21B1FA6100082B5C6 /* Main.storyboard */ = {
			isa = PBXVariantGroup;
			children = (
				3703C2A31B1FA6100082B5C6 /* Base */,
			);
			name = Main.storyboard;
			sourceTree = "<group>";
		};
		3703C2A71B1FA6100082B5C6 /* LaunchScreen.xib */ = {
			isa = PBXVariantGroup;
			children = (
				3703C2A81B1FA6100082B5C6 /* Base */,
			);
			name = LaunchScreen.xib;
			sourceTree = "<group>";
		};
/* End PBXVariantGroup section */

/* Begin XCBuildConfiguration section */
		3703C2B61B1FA6100082B5C6 /* Debug */ = {
			isa = XCBuildConfiguration;
			buildSettings = {
				ALWAYS_SEARCH_USER_PATHS = NO;
				CLANG_CXX_LANGUAGE_STANDARD = "gnu++0x";
				CLANG_CXX_LIBRARY = "libc++";
				CLANG_ENABLE_MODULES = YES;
				CLANG_ENABLE_OBJC_ARC = YES;
				CLANG_WARN_BOOL_CONVERSION = YES;
				CLANG_WARN_CONSTANT_CONVERSION = YES;
				CLANG_WARN_DIRECT_OBJC_ISA_USAGE = YES_ERROR;
				CLANG_WARN_EMPTY_BODY = YES;
				CLANG_WARN_ENUM_CONVERSION = YES;
				CLANG_WARN_INT_CONVERSION = YES;
				CLANG_WARN_OBJC_ROOT_CLASS = YES_ERROR;
				CLANG_WARN_UNREACHABLE_CODE = YES;
				CLANG_WARN__DUPLICATE_METHOD_MATCH = YES;
				"CODE_SIGN_IDENTITY[sdk=iphoneos*]" = "iPhone Developer";
				COPY_PHASE_STRIP = NO;
				DEBUG_INFORMATION_FORMAT = "dwarf-with-dsym";
				ENABLE_STRICT_OBJC_MSGSEND = YES;
				GCC_C_LANGUAGE_STANDARD = gnu99;
				GCC_DYNAMIC_NO_PIC = NO;
				GCC_NO_COMMON_BLOCKS = YES;
				GCC_OPTIMIZATION_LEVEL = 0;
				GCC_PREPROCESSOR_DEFINITIONS = (
					"DEBUG=1",
					"$(inherited)",
				);
				GCC_SYMBOLS_PRIVATE_EXTERN = NO;
				GCC_WARN_64_TO_32_BIT_CONVERSION = YES;
				GCC_WARN_ABOUT_RETURN_TYPE = YES_ERROR;
				GCC_WARN_UNDECLARED_SELECTOR = YES;
				GCC_WARN_UNINITIALIZED_AUTOS = YES_AGGRESSIVE;
				GCC_WARN_UNUSED_FUNCTION = YES;
				GCC_WARN_UNUSED_VARIABLE = YES;
				IPHONEOS_DEPLOYMENT_TARGET = 8.3;
				MTL_ENABLE_DEBUG_INFO = YES;
				ONLY_ACTIVE_ARCH = YES;
				SDKROOT = iphoneos;
				TARGETED_DEVICE_FAMILY = "1,2";
			};
			name = Debug;
		};
		3703C2B71B1FA6100082B5C6 /* Release */ = {
			isa = XCBuildConfiguration;
			buildSettings = {
				ALWAYS_SEARCH_USER_PATHS = NO;
				CLANG_CXX_LANGUAGE_STANDARD = "gnu++0x";
				CLANG_CXX_LIBRARY = "libc++";
				CLANG_ENABLE_MODULES = YES;
				CLANG_ENABLE_OBJC_ARC = YES;
				CLANG_WARN_BOOL_CONVERSION = YES;
				CLANG_WARN_CONSTANT_CONVERSION = YES;
				CLANG_WARN_DIRECT_OBJC_ISA_USAGE = YES_ERROR;
				CLANG_WARN_EMPTY_BODY = YES;
				CLANG_WARN_ENUM_CONVERSION = YES;
				CLANG_WARN_INT_CONVERSION = YES;
				CLANG_WARN_OBJC_ROOT_CLASS = YES_ERROR;
				CLANG_WARN_UNREACHABLE_CODE = YES;
				CLANG_WARN__DUPLICATE_METHOD_MATCH = YES;
				"CODE_SIGN_IDENTITY[sdk=iphoneos*]" = "iPhone Developer";
				COPY_PHASE_STRIP = NO;
				DEBUG_INFORMATION_FORMAT = "dwarf-with-dsym";
				ENABLE_NS_ASSERTIONS = NO;
				ENABLE_STRICT_OBJC_MSGSEND = YES;
				GCC_C_LANGUAGE_STANDARD = gnu99;
				GCC_NO_COMMON_BLOCKS = YES;
				GCC_WARN_64_TO_32_BIT_CONVERSION = YES;
				GCC_WARN_ABOUT_RETURN_TYPE = YES_ERROR;
				GCC_WARN_UNDECLARED_SELECTOR = YES;
				GCC_WARN_UNINITIALIZED_AUTOS = YES_AGGRESSIVE;
				GCC_WARN_UNUSED_FUNCTION = YES;
				GCC_WARN_UNUSED_VARIABLE = YES;
				IPHONEOS_DEPLOYMENT_TARGET = 8.3;
				MTL_ENABLE_DEBUG_INFO = NO;
				SDKROOT = iphoneos;
				TARGETED_DEVICE_FAMILY = "1,2";
				VALIDATE_PRODUCT = YES;
			};
			name = Release;
		};
		3703C2B91B1FA6100082B5C6 /* Debug */ = {
			isa = XCBuildConfiguration;
			buildSettings = {
				ASSETCATALOG_COMPILER_APPICON_NAME = AppIcon;
				FRAMEWORK_SEARCH_PATHS = (
					"$(inherited)",
					"/Users/ethyreal/Documents/ios/tealium/collect-ios/release",
					"/Users/georgewebster/Documents/iOS/collect-ios/release",
				);
				INFOPLIST_FILE = CollectTests/Info.plist;
				LD_RUNPATH_SEARCH_PATHS = "$(inherited) @executable_path/Frameworks";
				OTHER_LDFLAGS = "-ObjC";
				PRODUCT_NAME = "$(TARGET_NAME)";
			};
			name = Debug;
		};
		3703C2BA1B1FA6100082B5C6 /* Release */ = {
			isa = XCBuildConfiguration;
			buildSettings = {
				ASSETCATALOG_COMPILER_APPICON_NAME = AppIcon;
				FRAMEWORK_SEARCH_PATHS = (
					"$(inherited)",
					"/Users/ethyreal/Documents/ios/tealium/collect-ios/release",
					"/Users/georgewebster/Documents/iOS/collect-ios/release",
				);
				INFOPLIST_FILE = CollectTests/Info.plist;
				LD_RUNPATH_SEARCH_PATHS = "$(inherited) @executable_path/Frameworks";
				OTHER_LDFLAGS = "-ObjC";
				PRODUCT_NAME = "$(TARGET_NAME)";
			};
			name = Release;
		};
		3703C2BC1B1FA6100082B5C6 /* Debug */ = {
			isa = XCBuildConfiguration;
			buildSettings = {
				BUNDLE_LOADER = "$(TEST_HOST)";
				FRAMEWORK_SEARCH_PATHS = (
					"$(SDKROOT)/Developer/Library/Frameworks",
					"$(inherited)",
					"/Users/ethyreal/Documents/ios/tealium/collect-ios/release",
					"/Users/georgewebster/Documents/iOS/collect-ios/release",
				);
				GCC_PREPROCESSOR_DEFINITIONS = (
					"DEBUG=1",
					"$(inherited)",
				);
				INFOPLIST_FILE = CollectTestsTests/Info.plist;
				LD_RUNPATH_SEARCH_PATHS = "$(inherited) @executable_path/Frameworks @loader_path/Frameworks";
				OTHER_LDFLAGS = (
					"$(inherited)",
					"-framework",
					XCTest,
					"-ObjC",
				);
				PRODUCT_NAME = "$(TARGET_NAME)";
				TEST_HOST = "$(BUILT_PRODUCTS_DIR)/CollectTests.app/CollectTests";
			};
			name = Debug;
		};
		3703C2BD1B1FA6100082B5C6 /* Release */ = {
			isa = XCBuildConfiguration;
			buildSettings = {
				BUNDLE_LOADER = "$(TEST_HOST)";
				FRAMEWORK_SEARCH_PATHS = (
					"$(SDKROOT)/Developer/Library/Frameworks",
					"$(inherited)",
					"/Users/ethyreal/Documents/ios/tealium/collect-ios/release",
					"/Users/georgewebster/Documents/iOS/collect-ios/release",
				);
				INFOPLIST_FILE = CollectTestsTests/Info.plist;
				LD_RUNPATH_SEARCH_PATHS = "$(inherited) @executable_path/Frameworks @loader_path/Frameworks";
				OTHER_LDFLAGS = (
					"$(inherited)",
					"-framework",
					XCTest,
					"-ObjC",
				);
				PRODUCT_NAME = "$(TARGET_NAME)";
				TEST_HOST = "$(BUILT_PRODUCTS_DIR)/CollectTests.app/CollectTests";
			};
			name = Release;
		};
/* End XCBuildConfiguration section */

/* Begin XCConfigurationList section */
		3703C2901B1FA6100082B5C6 /* Build configuration list for PBXProject "CollectTests" */ = {
			isa = XCConfigurationList;
			buildConfigurations = (
				3703C2B61B1FA6100082B5C6 /* Debug */,
				3703C2B71B1FA6100082B5C6 /* Release */,
			);
			defaultConfigurationIsVisible = 0;
			defaultConfigurationName = Release;
		};
		3703C2B81B1FA6100082B5C6 /* Build configuration list for PBXNativeTarget "CollectTests" */ = {
			isa = XCConfigurationList;
			buildConfigurations = (
				3703C2B91B1FA6100082B5C6 /* Debug */,
				3703C2BA1B1FA6100082B5C6 /* Release */,
			);
			defaultConfigurationIsVisible = 0;
			defaultConfigurationName = Release;
		};
		3703C2BB1B1FA6100082B5C6 /* Build configuration list for PBXNativeTarget "CollectTestsTests" */ = {
			isa = XCConfigurationList;
			buildConfigurations = (
				3703C2BC1B1FA6100082B5C6 /* Debug */,
				3703C2BD1B1FA6100082B5C6 /* Release */,
			);
			defaultConfigurationIsVisible = 0;
			defaultConfigurationName = Release;
		};
/* End XCConfigurationList section */
	};
	rootObject = 3703C28D1B1FA6100082B5C6 /* Project object */;
}
