// !$*UTF8*$!
{
	archiveVersion = 1;
	classes = {
	};
	objectVersion = 46;
	objects = {

/* Begin PBXBuildFile section */
		3708417B1B1F6FAE0017A089 /* TealiumCollect.m in Sources */ = {isa = PBXBuildFile; fileRef = 3708417A1B1F6FAE0017A089 /* TealiumCollect.m */; };
		370841811B1F6FAE0017A089 /* libTealiumCollect.a in Frameworks */ = {isa = PBXBuildFile; fileRef = 370841751B1F6FAE0017A089 /* libTealiumCollect.a */; };
		370841C31B1F70970017A089 /* TEALAudienceStreamDatasources.m in Sources */ = {isa = PBXBuildFile; fileRef = 370841921B1F70970017A089 /* TEALAudienceStreamDatasources.m */; };
		370841C41B1F70970017A089 /* TEALDatasourceStore+TEALAudienceStreamAdditions.m in Sources */ = {isa = PBXBuildFile; fileRef = 370841941B1F70970017A089 /* TEALDatasourceStore+TEALAudienceStreamAdditions.m */; };
		370841C51B1F70970017A089 /* TEALAudienceStreamDispatchManager.m in Sources */ = {isa = PBXBuildFile; fileRef = 370841971B1F70970017A089 /* TEALAudienceStreamDispatchManager.m */; };
		370841C61B1F70970017A089 /* TEALEvent.m in Sources */ = {isa = PBXBuildFile; fileRef = 370841991B1F70970017A089 /* TEALEvent.m */; };
		370841C71B1F70970017A089 /* TEALAudienceStreamAPIHelpers.m in Sources */ = {isa = PBXBuildFile; fileRef = 3708419C1B1F70970017A089 /* TEALAudienceStreamAPIHelpers.m */; };
		370841C81B1F70970017A089 /* TEALNetworkHelpers.m in Sources */ = {isa = PBXBuildFile; fileRef = 3708419E1B1F70970017A089 /* TEALNetworkHelpers.m */; };
		370841C91B1F70970017A089 /* TEALURLSessionManager.m in Sources */ = {isa = PBXBuildFile; fileRef = 370841A01B1F70970017A089 /* TEALURLSessionManager.m */; };
		370841CA1B1F70970017A089 /* TEALProfileAttribute.m in Sources */ = {isa = PBXBuildFile; fileRef = 370841A51B1F70970017A089 /* TEALProfileAttribute.m */; };
		370841CB1B1F70970017A089 /* TEALProfileCurrentVisit.m in Sources */ = {isa = PBXBuildFile; fileRef = 370841A71B1F70970017A089 /* TEALProfileCurrentVisit.m */; };
		370841CC1B1F70970017A089 /* TEALVisitorProfile.m in Sources */ = {isa = PBXBuildFile; fileRef = 370841A91B1F70970017A089 /* TEALVisitorProfile.m */; };
		370841CD1B1F70970017A089 /* TEALProfileHelpers.m in Sources */ = {isa = PBXBuildFile; fileRef = 370841AC1B1F70970017A089 /* TEALProfileHelpers.m */; };
		370841CE1B1F70970017A089 /* TEALProfileStore.m in Sources */ = {isa = PBXBuildFile; fileRef = 370841AE1B1F70970017A089 /* TEALProfileStore.m */; };
		370841CF1B1F70970017A089 /* TEALSettings.m in Sources */ = {isa = PBXBuildFile; fileRef = 370841B11B1F70970017A089 /* TEALSettings.m */; };
		370841D01B1F70970017A089 /* TEALSettingsStore.m in Sources */ = {isa = PBXBuildFile; fileRef = 370841B31B1F70970017A089 /* TEALSettingsStore.m */; };
		370841D11B1F70970017A089 /* TEALActionQueueManager.m in Sources */ = {isa = PBXBuildFile; fileRef = 370841B61B1F70970017A089 /* TEALActionQueueManager.m */; };
		370841D21B1F70970017A089 /* TEALError.m in Sources */ = {isa = PBXBuildFile; fileRef = 370841B81B1F70970017A089 /* TEALError.m */; };
		370841D31B1F70970017A089 /* TEALLogger.m in Sources */ = {isa = PBXBuildFile; fileRef = 370841BA1B1F70970017A089 /* TEALLogger.m */; };
		370841D41B1F70970017A089 /* TEALOperationManager.m in Sources */ = {isa = PBXBuildFile; fileRef = 370841BC1B1F70970017A089 /* TEALOperationManager.m */; };
		370841D51B1F70970017A089 /* TEALSystemHelpers.m in Sources */ = {isa = PBXBuildFile; fileRef = 370841BE1B1F70970017A089 /* TEALSystemHelpers.m */; };
		370841D61B1F70970017A089 /* TEALCollectConfiguration.m in Sources */ = {isa = PBXBuildFile; fileRef = 370841C21B1F70970017A089 /* TEALCollectConfiguration.m */; };
		370841D91B1F71720017A089 /* TealiumUtilities.framework in Frameworks */ = {isa = PBXBuildFile; fileRef = 370841D81B1F71720017A089 /* TealiumUtilities.framework */; };
		370841DB1B1F74B90017A089 /* TEALAudienceStreamDatasources.h in Headers */ = {isa = PBXBuildFile; fileRef = 370841911B1F70970017A089 /* TEALAudienceStreamDatasources.h */; };
		370841DC1B1F74B90017A089 /* TEALDatasourceStore+TEALAudienceStreamAdditions.h in Headers */ = {isa = PBXBuildFile; fileRef = 370841931B1F70970017A089 /* TEALDatasourceStore+TEALAudienceStreamAdditions.h */; };
		370841DD1B1F74B90017A089 /* TEALAudienceStreamDispatchManager.h in Headers */ = {isa = PBXBuildFile; fileRef = 370841961B1F70970017A089 /* TEALAudienceStreamDispatchManager.h */; };
		370841DE1B1F74B90017A089 /* TEALEvent.h in Headers */ = {isa = PBXBuildFile; fileRef = 370841981B1F70970017A089 /* TEALEvent.h */; settings = {ATTRIBUTES = (Public, ); }; };
		370841DF1B1F74B90017A089 /* TEALAudienceStreamAPIHelpers.h in Headers */ = {isa = PBXBuildFile; fileRef = 3708419B1B1F70970017A089 /* TEALAudienceStreamAPIHelpers.h */; };
		370841E01B1F74B90017A089 /* TEALNetworkHelpers.h in Headers */ = {isa = PBXBuildFile; fileRef = 3708419D1B1F70970017A089 /* TEALNetworkHelpers.h */; };
		370841E11B1F74B90017A089 /* TEALURLSessionManager.h in Headers */ = {isa = PBXBuildFile; fileRef = 3708419F1B1F70970017A089 /* TEALURLSessionManager.h */; };
		370841E21B1F74B90017A089 /* TEALProfile+PrivateHeader.h in Headers */ = {isa = PBXBuildFile; fileRef = 370841A31B1F70970017A089 /* TEALProfile+PrivateHeader.h */; };
		370841E31B1F74B90017A089 /* TEALProfileAttribute.h in Headers */ = {isa = PBXBuildFile; fileRef = 370841A41B1F70970017A089 /* TEALProfileAttribute.h */; settings = {ATTRIBUTES = (Public, ); }; };
		370841E41B1F74B90017A089 /* TEALProfileCurrentVisit.h in Headers */ = {isa = PBXBuildFile; fileRef = 370841A61B1F70970017A089 /* TEALProfileCurrentVisit.h */; settings = {ATTRIBUTES = (Public, ); }; };
		370841E51B1F74B90017A089 /* TEALVisitorProfile.h in Headers */ = {isa = PBXBuildFile; fileRef = 370841A81B1F70970017A089 /* TEALVisitorProfile.h */; settings = {ATTRIBUTES = (Public, ); }; };
		370841E61B1F74B90017A089 /* TEALProfileDelegate.h in Headers */ = {isa = PBXBuildFile; fileRef = 370841AA1B1F70970017A089 /* TEALProfileDelegate.h */; };
		370841E71B1F74B90017A089 /* TEALProfileHelpers.h in Headers */ = {isa = PBXBuildFile; fileRef = 370841AB1B1F70970017A089 /* TEALProfileHelpers.h */; };
		370841E81B1F74B90017A089 /* TEALProfileStore.h in Headers */ = {isa = PBXBuildFile; fileRef = 370841AD1B1F70970017A089 /* TEALProfileStore.h */; };
		370841E91B1F74B90017A089 /* TEALSettings.h in Headers */ = {isa = PBXBuildFile; fileRef = 370841B01B1F70970017A089 /* TEALSettings.h */; };
		370841EA1B1F74B90017A089 /* TEALSettingsStore.h in Headers */ = {isa = PBXBuildFile; fileRef = 370841B21B1F70970017A089 /* TEALSettingsStore.h */; };
		370841EB1B1F74B90017A089 /* TEALActionQueueManager.h in Headers */ = {isa = PBXBuildFile; fileRef = 370841B51B1F70970017A089 /* TEALActionQueueManager.h */; };
		370841EC1B1F74B90017A089 /* TEALError.h in Headers */ = {isa = PBXBuildFile; fileRef = 370841B71B1F70970017A089 /* TEALError.h */; };
		370841ED1B1F74B90017A089 /* TEALLogger.h in Headers */ = {isa = PBXBuildFile; fileRef = 370841B91B1F70970017A089 /* TEALLogger.h */; };
		370841EE1B1F74B90017A089 /* TEALOperationManager.h in Headers */ = {isa = PBXBuildFile; fileRef = 370841BB1B1F70970017A089 /* TEALOperationManager.h */; };
		370841EF1B1F74B90017A089 /* TEALSystemHelpers.h in Headers */ = {isa = PBXBuildFile; fileRef = 370841BD1B1F70970017A089 /* TEALSystemHelpers.h */; };
		370841F01B1F74B90017A089 /* TEALSystemProtocols.h in Headers */ = {isa = PBXBuildFile; fileRef = 370841BF1B1F70970017A089 /* TEALSystemProtocols.h */; };
		370841F11B1F74B90017A089 /* TEALCollectConfiguration.h in Headers */ = {isa = PBXBuildFile; fileRef = 370841C11B1F70970017A089 /* TEALCollectConfiguration.h */; settings = {ATTRIBUTES = (Public, ); }; };
		370841F21B1F74B90017A089 /* TealiumCollect.h in Headers */ = {isa = PBXBuildFile; fileRef = 370841781B1F6FAE0017A089 /* TealiumCollect.h */; settings = {ATTRIBUTES = (Public, ); }; };
/* End PBXBuildFile section */

/* Begin PBXContainerItemProxy section */
		370841821B1F6FAE0017A089 /* PBXContainerItemProxy */ = {
			isa = PBXContainerItemProxy;
			containerPortal = 3708416D1B1F6FAE0017A089 /* Project object */;
			proxyType = 1;
			remoteGlobalIDString = 370841741B1F6FAE0017A089;
			remoteInfo = TealiumCollect;
		};
/* End PBXContainerItemProxy section */

/* Begin PBXCopyFilesBuildPhase section */
		370841731B1F6FAE0017A089 /* CopyFiles */ = {
			isa = PBXCopyFilesBuildPhase;
			buildActionMask = 2147483647;
			dstPath = "include/$(PRODUCT_NAME)";
			dstSubfolderSpec = 16;
			files = (
			);
			runOnlyForDeploymentPostprocessing = 0;
		};
/* End PBXCopyFilesBuildPhase section */

/* Begin PBXFileReference section */
		370841751B1F6FAE0017A089 /* libTealiumCollect.a */ = {isa = PBXFileReference; explicitFileType = archive.ar; includeInIndex = 0; path = libTealiumCollect.a; sourceTree = BUILT_PRODUCTS_DIR; };
		370841781B1F6FAE0017A089 /* TealiumCollect.h */ = {isa = PBXFileReference; lastKnownFileType = sourcecode.c.h; path = TealiumCollect.h; sourceTree = "<group>"; };
		3708417A1B1F6FAE0017A089 /* TealiumCollect.m */ = {isa = PBXFileReference; lastKnownFileType = sourcecode.c.objc; path = TealiumCollect.m; sourceTree = "<group>"; };
		370841801B1F6FAE0017A089 /* TealiumCollectTests.xctest */ = {isa = PBXFileReference; explicitFileType = wrapper.cfbundle; includeInIndex = 0; path = TealiumCollectTests.xctest; sourceTree = BUILT_PRODUCTS_DIR; };
		370841861B1F6FAE0017A089 /* Info.plist */ = {isa = PBXFileReference; lastKnownFileType = text.plist.xml; path = Info.plist; sourceTree = "<group>"; };
		370841911B1F70970017A089 /* TEALAudienceStreamDatasources.h */ = {isa = PBXFileReference; fileEncoding = 4; lastKnownFileType = sourcecode.c.h; path = TEALAudienceStreamDatasources.h; sourceTree = "<group>"; };
		370841921B1F70970017A089 /* TEALAudienceStreamDatasources.m */ = {isa = PBXFileReference; fileEncoding = 4; lastKnownFileType = sourcecode.c.objc; path = TEALAudienceStreamDatasources.m; sourceTree = "<group>"; };
		370841931B1F70970017A089 /* TEALDatasourceStore+TEALAudienceStreamAdditions.h */ = {isa = PBXFileReference; fileEncoding = 4; lastKnownFileType = sourcecode.c.h; path = "TEALDatasourceStore+TEALAudienceStreamAdditions.h"; sourceTree = "<group>"; };
		370841941B1F70970017A089 /* TEALDatasourceStore+TEALAudienceStreamAdditions.m */ = {isa = PBXFileReference; fileEncoding = 4; lastKnownFileType = sourcecode.c.objc; path = "TEALDatasourceStore+TEALAudienceStreamAdditions.m"; sourceTree = "<group>"; };
		370841961B1F70970017A089 /* TEALAudienceStreamDispatchManager.h */ = {isa = PBXFileReference; fileEncoding = 4; lastKnownFileType = sourcecode.c.h; path = TEALAudienceStreamDispatchManager.h; sourceTree = "<group>"; };
		370841971B1F70970017A089 /* TEALAudienceStreamDispatchManager.m */ = {isa = PBXFileReference; fileEncoding = 4; lastKnownFileType = sourcecode.c.objc; path = TEALAudienceStreamDispatchManager.m; sourceTree = "<group>"; };
		370841981B1F70970017A089 /* TEALEvent.h */ = {isa = PBXFileReference; fileEncoding = 4; lastKnownFileType = sourcecode.c.h; path = TEALEvent.h; sourceTree = "<group>"; };
		370841991B1F70970017A089 /* TEALEvent.m */ = {isa = PBXFileReference; fileEncoding = 4; lastKnownFileType = sourcecode.c.objc; path = TEALEvent.m; sourceTree = "<group>"; };
		3708419B1B1F70970017A089 /* TEALAudienceStreamAPIHelpers.h */ = {isa = PBXFileReference; fileEncoding = 4; lastKnownFileType = sourcecode.c.h; path = TEALAudienceStreamAPIHelpers.h; sourceTree = "<group>"; };
		3708419C1B1F70970017A089 /* TEALAudienceStreamAPIHelpers.m */ = {isa = PBXFileReference; fileEncoding = 4; lastKnownFileType = sourcecode.c.objc; path = TEALAudienceStreamAPIHelpers.m; sourceTree = "<group>"; };
		3708419D1B1F70970017A089 /* TEALNetworkHelpers.h */ = {isa = PBXFileReference; fileEncoding = 4; lastKnownFileType = sourcecode.c.h; path = TEALNetworkHelpers.h; sourceTree = "<group>"; };
		3708419E1B1F70970017A089 /* TEALNetworkHelpers.m */ = {isa = PBXFileReference; fileEncoding = 4; lastKnownFileType = sourcecode.c.objc; path = TEALNetworkHelpers.m; sourceTree = "<group>"; };
		3708419F1B1F70970017A089 /* TEALURLSessionManager.h */ = {isa = PBXFileReference; fileEncoding = 4; lastKnownFileType = sourcecode.c.h; path = TEALURLSessionManager.h; sourceTree = "<group>"; };
		370841A01B1F70970017A089 /* TEALURLSessionManager.m */ = {isa = PBXFileReference; fileEncoding = 4; lastKnownFileType = sourcecode.c.objc; path = TEALURLSessionManager.m; sourceTree = "<group>"; };
		370841A31B1F70970017A089 /* TEALProfile+PrivateHeader.h */ = {isa = PBXFileReference; fileEncoding = 4; lastKnownFileType = sourcecode.c.h; path = "TEALProfile+PrivateHeader.h"; sourceTree = "<group>"; };
		370841A41B1F70970017A089 /* TEALProfileAttribute.h */ = {isa = PBXFileReference; fileEncoding = 4; lastKnownFileType = sourcecode.c.h; path = TEALProfileAttribute.h; sourceTree = "<group>"; };
		370841A51B1F70970017A089 /* TEALProfileAttribute.m */ = {isa = PBXFileReference; fileEncoding = 4; lastKnownFileType = sourcecode.c.objc; path = TEALProfileAttribute.m; sourceTree = "<group>"; };
		370841A61B1F70970017A089 /* TEALProfileCurrentVisit.h */ = {isa = PBXFileReference; fileEncoding = 4; lastKnownFileType = sourcecode.c.h; path = TEALProfileCurrentVisit.h; sourceTree = "<group>"; };
		370841A71B1F70970017A089 /* TEALProfileCurrentVisit.m */ = {isa = PBXFileReference; fileEncoding = 4; lastKnownFileType = sourcecode.c.objc; path = TEALProfileCurrentVisit.m; sourceTree = "<group>"; };
		370841A81B1F70970017A089 /* TEALVisitorProfile.h */ = {isa = PBXFileReference; fileEncoding = 4; lastKnownFileType = sourcecode.c.h; path = TEALVisitorProfile.h; sourceTree = "<group>"; };
		370841A91B1F70970017A089 /* TEALVisitorProfile.m */ = {isa = PBXFileReference; fileEncoding = 4; lastKnownFileType = sourcecode.c.objc; path = TEALVisitorProfile.m; sourceTree = "<group>"; };
		370841AA1B1F70970017A089 /* TEALProfileDelegate.h */ = {isa = PBXFileReference; fileEncoding = 4; lastKnownFileType = sourcecode.c.h; path = TEALProfileDelegate.h; sourceTree = "<group>"; };
		370841AB1B1F70970017A089 /* TEALProfileHelpers.h */ = {isa = PBXFileReference; fileEncoding = 4; lastKnownFileType = sourcecode.c.h; path = TEALProfileHelpers.h; sourceTree = "<group>"; };
		370841AC1B1F70970017A089 /* TEALProfileHelpers.m */ = {isa = PBXFileReference; fileEncoding = 4; lastKnownFileType = sourcecode.c.objc; path = TEALProfileHelpers.m; sourceTree = "<group>"; };
		370841AD1B1F70970017A089 /* TEALProfileStore.h */ = {isa = PBXFileReference; fileEncoding = 4; lastKnownFileType = sourcecode.c.h; path = TEALProfileStore.h; sourceTree = "<group>"; };
		370841AE1B1F70970017A089 /* TEALProfileStore.m */ = {isa = PBXFileReference; fileEncoding = 4; lastKnownFileType = sourcecode.c.objc; path = TEALProfileStore.m; sourceTree = "<group>"; };
		370841B01B1F70970017A089 /* TEALSettings.h */ = {isa = PBXFileReference; fileEncoding = 4; lastKnownFileType = sourcecode.c.h; path = TEALSettings.h; sourceTree = "<group>"; };
		370841B11B1F70970017A089 /* TEALSettings.m */ = {isa = PBXFileReference; fileEncoding = 4; lastKnownFileType = sourcecode.c.objc; path = TEALSettings.m; sourceTree = "<group>"; };
		370841B21B1F70970017A089 /* TEALSettingsStore.h */ = {isa = PBXFileReference; fileEncoding = 4; lastKnownFileType = sourcecode.c.h; path = TEALSettingsStore.h; sourceTree = "<group>"; };
		370841B31B1F70970017A089 /* TEALSettingsStore.m */ = {isa = PBXFileReference; fileEncoding = 4; lastKnownFileType = sourcecode.c.objc; path = TEALSettingsStore.m; sourceTree = "<group>"; };
		370841B51B1F70970017A089 /* TEALActionQueueManager.h */ = {isa = PBXFileReference; fileEncoding = 4; lastKnownFileType = sourcecode.c.h; path = TEALActionQueueManager.h; sourceTree = "<group>"; };
		370841B61B1F70970017A089 /* TEALActionQueueManager.m */ = {isa = PBXFileReference; fileEncoding = 4; lastKnownFileType = sourcecode.c.objc; path = TEALActionQueueManager.m; sourceTree = "<group>"; };
		370841B71B1F70970017A089 /* TEALError.h */ = {isa = PBXFileReference; fileEncoding = 4; lastKnownFileType = sourcecode.c.h; path = TEALError.h; sourceTree = "<group>"; };
		370841B81B1F70970017A089 /* TEALError.m */ = {isa = PBXFileReference; fileEncoding = 4; lastKnownFileType = sourcecode.c.objc; path = TEALError.m; sourceTree = "<group>"; };
		370841B91B1F70970017A089 /* TEALLogger.h */ = {isa = PBXFileReference; fileEncoding = 4; lastKnownFileType = sourcecode.c.h; path = TEALLogger.h; sourceTree = "<group>"; };
		370841BA1B1F70970017A089 /* TEALLogger.m */ = {isa = PBXFileReference; fileEncoding = 4; lastKnownFileType = sourcecode.c.objc; path = TEALLogger.m; sourceTree = "<group>"; };
		370841BB1B1F70970017A089 /* TEALOperationManager.h */ = {isa = PBXFileReference; fileEncoding = 4; lastKnownFileType = sourcecode.c.h; path = TEALOperationManager.h; sourceTree = "<group>"; };
		370841BC1B1F70970017A089 /* TEALOperationManager.m */ = {isa = PBXFileReference; fileEncoding = 4; lastKnownFileType = sourcecode.c.objc; path = TEALOperationManager.m; sourceTree = "<group>"; };
		370841BD1B1F70970017A089 /* TEALSystemHelpers.h */ = {isa = PBXFileReference; fileEncoding = 4; lastKnownFileType = sourcecode.c.h; path = TEALSystemHelpers.h; sourceTree = "<group>"; };
		370841BE1B1F70970017A089 /* TEALSystemHelpers.m */ = {isa = PBXFileReference; fileEncoding = 4; lastKnownFileType = sourcecode.c.objc; path = TEALSystemHelpers.m; sourceTree = "<group>"; };
		370841BF1B1F70970017A089 /* TEALSystemProtocols.h */ = {isa = PBXFileReference; fileEncoding = 4; lastKnownFileType = sourcecode.c.h; path = TEALSystemProtocols.h; sourceTree = "<group>"; };
		370841C01B1F70970017A089 /* TEALCollect-Bridging-Header.h */ = {isa = PBXFileReference; fileEncoding = 4; lastKnownFileType = sourcecode.c.h; path = "TEALCollect-Bridging-Header.h"; sourceTree = "<group>"; };
		370841C11B1F70970017A089 /* TEALCollectConfiguration.h */ = {isa = PBXFileReference; fileEncoding = 4; lastKnownFileType = sourcecode.c.h; path = TEALCollectConfiguration.h; sourceTree = "<group>"; };
		370841C21B1F70970017A089 /* TEALCollectConfiguration.m */ = {isa = PBXFileReference; fileEncoding = 4; lastKnownFileType = sourcecode.c.objc; path = TEALCollectConfiguration.m; sourceTree = "<group>"; };
		370841D81B1F71720017A089 /* TealiumUtilities.framework */ = {isa = PBXFileReference; lastKnownFileType = wrapper.framework; name = TealiumUtilities.framework; path = ../../release/TealiumUtilities.framework; sourceTree = "<group>"; };
/* End PBXFileReference section */

/* Begin PBXFrameworksBuildPhase section */
		370841721B1F6FAE0017A089 /* Frameworks */ = {
			isa = PBXFrameworksBuildPhase;
			buildActionMask = 2147483647;
			files = (
				370841D91B1F71720017A089 /* TealiumUtilities.framework in Frameworks */,
			);
			runOnlyForDeploymentPostprocessing = 0;
		};
		3708417D1B1F6FAE0017A089 /* Frameworks */ = {
			isa = PBXFrameworksBuildPhase;
			buildActionMask = 2147483647;
			files = (
				370841811B1F6FAE0017A089 /* libTealiumCollect.a in Frameworks */,
			);
			runOnlyForDeploymentPostprocessing = 0;
		};
/* End PBXFrameworksBuildPhase section */

/* Begin PBXGroup section */
		3708416C1B1F6FAE0017A089 = {
			isa = PBXGroup;
			children = (
				370841771B1F6FAE0017A089 /* TealiumCollect */,
				370841D71B1F71540017A089 /* Frameworks */,
				370841841B1F6FAE0017A089 /* TealiumCollectTests */,
				370841761B1F6FAE0017A089 /* Products */,
			);
			sourceTree = "<group>";
		};
		370841761B1F6FAE0017A089 /* Products */ = {
			isa = PBXGroup;
			children = (
				370841751B1F6FAE0017A089 /* libTealiumCollect.a */,
				370841801B1F6FAE0017A089 /* TealiumCollectTests.xctest */,
			);
			name = Products;
			sourceTree = "<group>";
		};
		370841771B1F6FAE0017A089 /* TealiumCollect */ = {
			isa = PBXGroup;
			children = (
				370841901B1F70970017A089 /* datasources */,
				370841951B1F70970017A089 /* events */,
				3708419A1B1F70970017A089 /* networking */,
				370841A11B1F70970017A089 /* profile */,
				370841AF1B1F70970017A089 /* settings */,
				370841B41B1F70970017A089 /* system */,
				370841C01B1F70970017A089 /* TEALCollect-Bridging-Header.h */,
				370841C11B1F70970017A089 /* TEALCollectConfiguration.h */,
				370841C21B1F70970017A089 /* TEALCollectConfiguration.m */,
				370841781B1F6FAE0017A089 /* TealiumCollect.h */,
				3708417A1B1F6FAE0017A089 /* TealiumCollect.m */,
			);
			path = TealiumCollect;
			sourceTree = "<group>";
		};
		370841841B1F6FAE0017A089 /* TealiumCollectTests */ = {
			isa = PBXGroup;
			children = (
				370841851B1F6FAE0017A089 /* Supporting Files */,
			);
			path = TealiumCollectTests;
			sourceTree = "<group>";
		};
		370841851B1F6FAE0017A089 /* Supporting Files */ = {
			isa = PBXGroup;
			children = (
				370841861B1F6FAE0017A089 /* Info.plist */,
			);
			name = "Supporting Files";
			sourceTree = "<group>";
		};
		370841901B1F70970017A089 /* datasources */ = {
			isa = PBXGroup;
			children = (
				370841911B1F70970017A089 /* TEALAudienceStreamDatasources.h */,
				370841921B1F70970017A089 /* TEALAudienceStreamDatasources.m */,
				370841931B1F70970017A089 /* TEALDatasourceStore+TEALAudienceStreamAdditions.h */,
				370841941B1F70970017A089 /* TEALDatasourceStore+TEALAudienceStreamAdditions.m */,
			);
			path = datasources;
			sourceTree = "<group>";
		};
		370841951B1F70970017A089 /* events */ = {
			isa = PBXGroup;
			children = (
				370841961B1F70970017A089 /* TEALAudienceStreamDispatchManager.h */,
				370841971B1F70970017A089 /* TEALAudienceStreamDispatchManager.m */,
				370841981B1F70970017A089 /* TEALEvent.h */,
				370841991B1F70970017A089 /* TEALEvent.m */,
			);
			path = events;
			sourceTree = "<group>";
		};
		3708419A1B1F70970017A089 /* networking */ = {
			isa = PBXGroup;
			children = (
				3708419B1B1F70970017A089 /* TEALAudienceStreamAPIHelpers.h */,
				3708419C1B1F70970017A089 /* TEALAudienceStreamAPIHelpers.m */,
				3708419D1B1F70970017A089 /* TEALNetworkHelpers.h */,
				3708419E1B1F70970017A089 /* TEALNetworkHelpers.m */,
				3708419F1B1F70970017A089 /* TEALURLSessionManager.h */,
				370841A01B1F70970017A089 /* TEALURLSessionManager.m */,
			);
			path = networking;
			sourceTree = "<group>";
		};
		370841A11B1F70970017A089 /* profile */ = {
			isa = PBXGroup;
			children = (
				370841A21B1F70970017A089 /* model */,
				370841AA1B1F70970017A089 /* TEALProfileDelegate.h */,
				370841AB1B1F70970017A089 /* TEALProfileHelpers.h */,
				370841AC1B1F70970017A089 /* TEALProfileHelpers.m */,
				370841AD1B1F70970017A089 /* TEALProfileStore.h */,
				370841AE1B1F70970017A089 /* TEALProfileStore.m */,
			);
			path = profile;
			sourceTree = "<group>";
		};
		370841A21B1F70970017A089 /* model */ = {
			isa = PBXGroup;
			children = (
				370841A31B1F70970017A089 /* TEALProfile+PrivateHeader.h */,
				370841A41B1F70970017A089 /* TEALProfileAttribute.h */,
				370841A51B1F70970017A089 /* TEALProfileAttribute.m */,
				370841A61B1F70970017A089 /* TEALProfileCurrentVisit.h */,
				370841A71B1F70970017A089 /* TEALProfileCurrentVisit.m */,
				370841A81B1F70970017A089 /* TEALVisitorProfile.h */,
				370841A91B1F70970017A089 /* TEALVisitorProfile.m */,
			);
			path = model;
			sourceTree = "<group>";
		};
		370841AF1B1F70970017A089 /* settings */ = {
			isa = PBXGroup;
			children = (
				370841B01B1F70970017A089 /* TEALSettings.h */,
				370841B11B1F70970017A089 /* TEALSettings.m */,
				370841B21B1F70970017A089 /* TEALSettingsStore.h */,
				370841B31B1F70970017A089 /* TEALSettingsStore.m */,
			);
			path = settings;
			sourceTree = "<group>";
		};
		370841B41B1F70970017A089 /* system */ = {
			isa = PBXGroup;
			children = (
				370841B51B1F70970017A089 /* TEALActionQueueManager.h */,
				370841B61B1F70970017A089 /* TEALActionQueueManager.m */,
				370841B71B1F70970017A089 /* TEALError.h */,
				370841B81B1F70970017A089 /* TEALError.m */,
				370841B91B1F70970017A089 /* TEALLogger.h */,
				370841BA1B1F70970017A089 /* TEALLogger.m */,
				370841BB1B1F70970017A089 /* TEALOperationManager.h */,
				370841BC1B1F70970017A089 /* TEALOperationManager.m */,
				370841BD1B1F70970017A089 /* TEALSystemHelpers.h */,
				370841BE1B1F70970017A089 /* TEALSystemHelpers.m */,
				370841BF1B1F70970017A089 /* TEALSystemProtocols.h */,
			);
			path = system;
			sourceTree = "<group>";
		};
		370841D71B1F71540017A089 /* Frameworks */ = {
			isa = PBXGroup;
			children = (
				370841D81B1F71720017A089 /* TealiumUtilities.framework */,
			);
			name = Frameworks;
			sourceTree = "<group>";
		};
/* End PBXGroup section */

/* Begin PBXHeadersBuildPhase section */
		370841DA1B1F746A0017A089 /* Headers */ = {
			isa = PBXHeadersBuildPhase;
			buildActionMask = 2147483647;
			files = (
				370841DE1B1F74B90017A089 /* TEALEvent.h in Headers */,
				370841E31B1F74B90017A089 /* TEALProfileAttribute.h in Headers */,
				370841E41B1F74B90017A089 /* TEALProfileCurrentVisit.h in Headers */,
				370841E51B1F74B90017A089 /* TEALVisitorProfile.h in Headers */,
				370841F11B1F74B90017A089 /* TEALCollectConfiguration.h in Headers */,
				370841F21B1F74B90017A089 /* TealiumCollect.h in Headers */,
				370841DB1B1F74B90017A089 /* TEALAudienceStreamDatasources.h in Headers */,
				370841DC1B1F74B90017A089 /* TEALDatasourceStore+TEALAudienceStreamAdditions.h in Headers */,
				370841DD1B1F74B90017A089 /* TEALAudienceStreamDispatchManager.h in Headers */,
				370841DF1B1F74B90017A089 /* TEALAudienceStreamAPIHelpers.h in Headers */,
				370841E01B1F74B90017A089 /* TEALNetworkHelpers.h in Headers */,
				370841E11B1F74B90017A089 /* TEALURLSessionManager.h in Headers */,
				370841E21B1F74B90017A089 /* TEALProfile+PrivateHeader.h in Headers */,
				370841E61B1F74B90017A089 /* TEALProfileDelegate.h in Headers */,
				370841E71B1F74B90017A089 /* TEALProfileHelpers.h in Headers */,
				370841E81B1F74B90017A089 /* TEALProfileStore.h in Headers */,
				370841E91B1F74B90017A089 /* TEALSettings.h in Headers */,
				370841EA1B1F74B90017A089 /* TEALSettingsStore.h in Headers */,
				370841EB1B1F74B90017A089 /* TEALActionQueueManager.h in Headers */,
				370841EC1B1F74B90017A089 /* TEALError.h in Headers */,
				370841ED1B1F74B90017A089 /* TEALLogger.h in Headers */,
				370841EE1B1F74B90017A089 /* TEALOperationManager.h in Headers */,
				370841EF1B1F74B90017A089 /* TEALSystemHelpers.h in Headers */,
				370841F01B1F74B90017A089 /* TEALSystemProtocols.h in Headers */,
			);
			runOnlyForDeploymentPostprocessing = 0;
		};
/* End PBXHeadersBuildPhase section */

/* Begin PBXNativeTarget section */
		370841741B1F6FAE0017A089 /* TealiumCollect */ = {
			isa = PBXNativeTarget;
			buildConfigurationList = 370841891B1F6FAE0017A089 /* Build configuration list for PBXNativeTarget "TealiumCollect" */;
			buildPhases = (
				370841711B1F6FAE0017A089 /* Sources */,
				370841721B1F6FAE0017A089 /* Frameworks */,
				370841731B1F6FAE0017A089 /* CopyFiles */,
				370841DA1B1F746A0017A089 /* Headers */,
				370841F31B1F75260017A089 /* ShellScript */,
			);
			buildRules = (
			);
			dependencies = (
			);
			name = TealiumCollect;
			productName = TealiumCollect;
			productReference = 370841751B1F6FAE0017A089 /* libTealiumCollect.a */;
			productType = "com.apple.product-type.library.static";
		};
		3708417F1B1F6FAE0017A089 /* TealiumCollectTests */ = {
			isa = PBXNativeTarget;
			buildConfigurationList = 3708418C1B1F6FAE0017A089 /* Build configuration list for PBXNativeTarget "TealiumCollectTests" */;
			buildPhases = (
				3708417C1B1F6FAE0017A089 /* Sources */,
				3708417D1B1F6FAE0017A089 /* Frameworks */,
				3708417E1B1F6FAE0017A089 /* Resources */,
			);
			buildRules = (
			);
			dependencies = (
				370841831B1F6FAE0017A089 /* PBXTargetDependency */,
			);
			name = TealiumCollectTests;
			productName = TealiumCollectTests;
			productReference = 370841801B1F6FAE0017A089 /* TealiumCollectTests.xctest */;
			productType = "com.apple.product-type.bundle.unit-test";
		};
/* End PBXNativeTarget section */

/* Begin PBXProject section */
		3708416D1B1F6FAE0017A089 /* Project object */ = {
			isa = PBXProject;
			attributes = {
				LastUpgradeCheck = 0630;
				ORGANIZATIONNAME = "Tealium Inc.";
				TargetAttributes = {
					370841741B1F6FAE0017A089 = {
						CreatedOnToolsVersion = 6.3.2;
					};
					3708417F1B1F6FAE0017A089 = {
						CreatedOnToolsVersion = 6.3.2;
					};
				};
			};
			buildConfigurationList = 370841701B1F6FAE0017A089 /* Build configuration list for PBXProject "TealiumCollect" */;
			compatibilityVersion = "Xcode 3.2";
			developmentRegion = English;
			hasScannedForEncodings = 0;
			knownRegions = (
				en,
			);
			mainGroup = 3708416C1B1F6FAE0017A089;
			productRefGroup = 370841761B1F6FAE0017A089 /* Products */;
			projectDirPath = "";
			projectRoot = "";
			targets = (
				370841741B1F6FAE0017A089 /* TealiumCollect */,
				3708417F1B1F6FAE0017A089 /* TealiumCollectTests */,
			);
		};
/* End PBXProject section */

/* Begin PBXResourcesBuildPhase section */
		3708417E1B1F6FAE0017A089 /* Resources */ = {
			isa = PBXResourcesBuildPhase;
			buildActionMask = 2147483647;
			files = (
			);
			runOnlyForDeploymentPostprocessing = 0;
		};
/* End PBXResourcesBuildPhase section */

/* Begin PBXShellScriptBuildPhase section */
		370841F31B1F75260017A089 /* ShellScript */ = {
			isa = PBXShellScriptBuildPhase;
			buildActionMask = 2147483647;
			files = (
			);
			inputPaths = (
			);
			outputPaths = (
			);
			runOnlyForDeploymentPostprocessing = 0;
			shellPath = /bin/sh;
			shellScript = "set -e\n\nexport FRAMEWORK_LOCATION=\"${BUILT_PRODUCTS_DIR}/${PRODUCT_NAME}.framework\"\n\n# Create the path to the real Headers die\nmkdir -p \"${FRAMEWORK_LOCATION}/Versions/A/Headers\"\n\n# Create the required symlinks\n/bin/ln -sfh A \"${FRAMEWORK_LOCATION}/Versions/Current\"\n/bin/ln -sfh Versions/Current/Headers \"${FRAMEWORK_LOCATION}/Headers\"\n/bin/ln -sfh \"Versions/Current/${PRODUCT_NAME}\" \\\n\"${FRAMEWORK_LOCATION}/${PRODUCT_NAME}\"\n\n# Copy the public headers into the framework\n/bin/cp -a \"${TARGET_BUILD_DIR}/${PUBLIC_HEADERS_FOLDER_PATH}/\" \\\n\"${FRAMEWORK_LOCATION}/Versions/A/Headers\"";
		};
/* End PBXShellScriptBuildPhase section */

/* Begin PBXSourcesBuildPhase section */
		370841711B1F6FAE0017A089 /* Sources */ = {
			isa = PBXSourcesBuildPhase;
			buildActionMask = 2147483647;
			files = (
				370841D51B1F70970017A089 /* TEALSystemHelpers.m in Sources */,
				370841C71B1F70970017A089 /* TEALAudienceStreamAPIHelpers.m in Sources */,
				370841CA1B1F70970017A089 /* TEALProfileAttribute.m in Sources */,
				370841C61B1F70970017A089 /* TEALEvent.m in Sources */,
				370841CB1B1F70970017A089 /* TEALProfileCurrentVisit.m in Sources */,
				370841CF1B1F70970017A089 /* TEALSettings.m in Sources */,
				370841D01B1F70970017A089 /* TEALSettingsStore.m in Sources */,
				370841CC1B1F70970017A089 /* TEALVisitorProfile.m in Sources */,
				370841D11B1F70970017A089 /* TEALActionQueueManager.m in Sources */,
				370841CE1B1F70970017A089 /* TEALProfileStore.m in Sources */,
				370841D41B1F70970017A089 /* TEALOperationManager.m in Sources */,
				370841C91B1F70970017A089 /* TEALURLSessionManager.m in Sources */,
				370841C31B1F70970017A089 /* TEALAudienceStreamDatasources.m in Sources */,
				370841D31B1F70970017A089 /* TEALLogger.m in Sources */,
				370841D21B1F70970017A089 /* TEALError.m in Sources */,
				370841C51B1F70970017A089 /* TEALAudienceStreamDispatchManager.m in Sources */,
				370841C41B1F70970017A089 /* TEALDatasourceStore+TEALAudienceStreamAdditions.m in Sources */,
				370841CD1B1F70970017A089 /* TEALProfileHelpers.m in Sources */,
				3708417B1B1F6FAE0017A089 /* TealiumCollect.m in Sources */,
				370841D61B1F70970017A089 /* TEALCollectConfiguration.m in Sources */,
				370841C81B1F70970017A089 /* TEALNetworkHelpers.m in Sources */,
			);
			runOnlyForDeploymentPostprocessing = 0;
		};
		3708417C1B1F6FAE0017A089 /* Sources */ = {
			isa = PBXSourcesBuildPhase;
			buildActionMask = 2147483647;
			files = (
			);
			runOnlyForDeploymentPostprocessing = 0;
		};
/* End PBXSourcesBuildPhase section */

/* Begin PBXTargetDependency section */
		370841831B1F6FAE0017A089 /* PBXTargetDependency */ = {
			isa = PBXTargetDependency;
			target = 370841741B1F6FAE0017A089 /* TealiumCollect */;
			targetProxy = 370841821B1F6FAE0017A089 /* PBXContainerItemProxy */;
		};
/* End PBXTargetDependency section */

/* Begin XCBuildConfiguration section */
		370841871B1F6FAE0017A089 /* Debug */ = {
			isa = XCBuildConfiguration;
			buildSettings = {
				ALWAYS_SEARCH_USER_PATHS = NO;
				ARCHS = (
					"$(ARCHS_STANDARD)",
					armv7s,
				);
				CLANG_CXX_LANGUAGE_STANDARD = "gnu++0x";
				CLANG_CXX_LIBRARY = "libc++";
				CLANG_ENABLE_MODULES = YES;
				CLANG_ENABLE_OBJC_ARC = YES;
				CLANG_WARN_BOOL_CONVERSION = YES;
				CLANG_WARN_CONSTANT_CONVERSION = YES;
				CLANG_WARN_DIRECT_OBJC_ISA_USAGE = YES_ERROR;
				CLANG_WARN_EMPTY_BODY = YES;
				CLANG_WARN_ENUM_CONVERSION = YES;
				CLANG_WARN_INT_CONVERSION = YES;
				CLANG_WARN_OBJC_ROOT_CLASS = YES_ERROR;
				CLANG_WARN_UNREACHABLE_CODE = YES;
				CLANG_WARN__DUPLICATE_METHOD_MATCH = YES;
				COPY_PHASE_STRIP = NO;
				DEBUG_INFORMATION_FORMAT = "dwarf-with-dsym";
				ENABLE_STRICT_OBJC_MSGSEND = YES;
				GCC_C_LANGUAGE_STANDARD = gnu99;
				GCC_DYNAMIC_NO_PIC = NO;
				GCC_NO_COMMON_BLOCKS = YES;
				GCC_OPTIMIZATION_LEVEL = 0;
				GCC_PREPROCESSOR_DEFINITIONS = (
					"DEBUG=1",
					"$(inherited)",
				);
				GCC_SYMBOLS_PRIVATE_EXTERN = NO;
				GCC_WARN_64_TO_32_BIT_CONVERSION = YES;
				GCC_WARN_ABOUT_RETURN_TYPE = YES_ERROR;
				GCC_WARN_UNDECLARED_SELECTOR = YES;
				GCC_WARN_UNINITIALIZED_AUTOS = YES_AGGRESSIVE;
				GCC_WARN_UNUSED_FUNCTION = YES;
				GCC_WARN_UNUSED_VARIABLE = YES;
				IPHONEOS_DEPLOYMENT_TARGET = 8.3;
				MTL_ENABLE_DEBUG_INFO = YES;
				ONLY_ACTIVE_ARCH = YES;
				SDKROOT = iphoneos;
			};
			name = Debug;
		};
		370841881B1F6FAE0017A089 /* Release */ = {
			isa = XCBuildConfiguration;
			buildSettings = {
				ALWAYS_SEARCH_USER_PATHS = NO;
				ARCHS = (
					"$(ARCHS_STANDARD)",
					armv7s,
				);
				CLANG_CXX_LANGUAGE_STANDARD = "gnu++0x";
				CLANG_CXX_LIBRARY = "libc++";
				CLANG_ENABLE_MODULES = YES;
				CLANG_ENABLE_OBJC_ARC = YES;
				CLANG_WARN_BOOL_CONVERSION = YES;
				CLANG_WARN_CONSTANT_CONVERSION = YES;
				CLANG_WARN_DIRECT_OBJC_ISA_USAGE = YES_ERROR;
				CLANG_WARN_EMPTY_BODY = YES;
				CLANG_WARN_ENUM_CONVERSION = YES;
				CLANG_WARN_INT_CONVERSION = YES;
				CLANG_WARN_OBJC_ROOT_CLASS = YES_ERROR;
				CLANG_WARN_UNREACHABLE_CODE = YES;
				CLANG_WARN__DUPLICATE_METHOD_MATCH = YES;
				COPY_PHASE_STRIP = NO;
				DEBUG_INFORMATION_FORMAT = "dwarf-with-dsym";
				ENABLE_NS_ASSERTIONS = NO;
				ENABLE_STRICT_OBJC_MSGSEND = YES;
				GCC_C_LANGUAGE_STANDARD = gnu99;
				GCC_NO_COMMON_BLOCKS = YES;
				GCC_WARN_64_TO_32_BIT_CONVERSION = YES;
				GCC_WARN_ABOUT_RETURN_TYPE = YES_ERROR;
				GCC_WARN_UNDECLARED_SELECTOR = YES;
				GCC_WARN_UNINITIALIZED_AUTOS = YES_AGGRESSIVE;
				GCC_WARN_UNUSED_FUNCTION = YES;
				GCC_WARN_UNUSED_VARIABLE = YES;
				IPHONEOS_DEPLOYMENT_TARGET = 8.3;
				MTL_ENABLE_DEBUG_INFO = NO;
				SDKROOT = iphoneos;
				VALIDATE_PRODUCT = YES;
			};
			name = Release;
		};
		3708418A1B1F6FAE0017A089 /* Debug */ = {
			isa = XCBuildConfiguration;
			buildSettings = {
				DEAD_CODE_STRIPPING = NO;
				FRAMEWORK_SEARCH_PATHS = (
					"$(inherited)",
					"/Users/ethyreal/Documents/ios/tealium/collect-ios/release",
				);
				OTHER_LDFLAGS = "-ObjC";
				PRODUCT_NAME = "$(TARGET_NAME)";
				PUBLIC_HEADERS_FOLDER_PATH = "include/$(PROJECT_NAME)";
				SKIP_INSTALL = YES;
				STRIP_STYLE = "non-global";
			};
			name = Debug;
		};
		3708418B1B1F6FAE0017A089 /* Release */ = {
			isa = XCBuildConfiguration;
			buildSettings = {
				DEAD_CODE_STRIPPING = NO;
				FRAMEWORK_SEARCH_PATHS = (
					"$(inherited)",
					"/Users/ethyreal/Documents/ios/tealium/collect-ios/release",
				);
				OTHER_LDFLAGS = "-ObjC";
				PRODUCT_NAME = "$(TARGET_NAME)";
				PUBLIC_HEADERS_FOLDER_PATH = "include/$(PROJECT_NAME)";
				SKIP_INSTALL = YES;
				STRIP_STYLE = "non-global";
			};
			name = Release;
		};
		3708418D1B1F6FAE0017A089 /* Debug */ = {
			isa = XCBuildConfiguration;
			buildSettings = {
				"CODE_SIGN_IDENTITY[sdk=iphoneos*]" = "iPhone Developer";
				FRAMEWORK_SEARCH_PATHS = (
					"$(SDKROOT)/Developer/Library/Frameworks",
					"$(inherited)",
				);
				GCC_PREPROCESSOR_DEFINITIONS = (
					"DEBUG=1",
					"$(inherited)",
				);
				INFOPLIST_FILE = TealiumCollectTests/Info.plist;
				LD_RUNPATH_SEARCH_PATHS = "$(inherited) @executable_path/Frameworks @loader_path/Frameworks";
				PRODUCT_NAME = "$(TARGET_NAME)";
			};
			name = Debug;
		};
		3708418E1B1F6FAE0017A089 /* Release */ = {
			isa = XCBuildConfiguration;
			buildSettings = {
				"CODE_SIGN_IDENTITY[sdk=iphoneos*]" = "iPhone Developer";
				FRAMEWORK_SEARCH_PATHS = (
					"$(SDKROOT)/Developer/Library/Frameworks",
					"$(inherited)",
				);
				INFOPLIST_FILE = TealiumCollectTests/Info.plist;
				LD_RUNPATH_SEARCH_PATHS = "$(inherited) @executable_path/Frameworks @loader_path/Frameworks";
				PRODUCT_NAME = "$(TARGET_NAME)";
			};
			name = Release;
		};
/* End XCBuildConfiguration section */

/* Begin XCConfigurationList section */
		370841701B1F6FAE0017A089 /* Build configuration list for PBXProject "TealiumCollect" */ = {
			isa = XCConfigurationList;
			buildConfigurations = (
				370841871B1F6FAE0017A089 /* Debug */,
				370841881B1F6FAE0017A089 /* Release */,
			);
			defaultConfigurationIsVisible = 0;
			defaultConfigurationName = Release;
		};
		370841891B1F6FAE0017A089 /* Build configuration list for PBXNativeTarget "TealiumCollect" */ = {
			isa = XCConfigurationList;
			buildConfigurations = (
				3708418A1B1F6FAE0017A089 /* Debug */,
				3708418B1B1F6FAE0017A089 /* Release */,
			);
			defaultConfigurationIsVisible = 0;
			defaultConfigurationName = Release;
		};
		3708418C1B1F6FAE0017A089 /* Build configuration list for PBXNativeTarget "TealiumCollectTests" */ = {
			isa = XCConfigurationList;
			buildConfigurations = (
				3708418D1B1F6FAE0017A089 /* Debug */,
				3708418E1B1F6FAE0017A089 /* Release */,
			);
			defaultConfigurationIsVisible = 0;
			defaultConfigurationName = Release;
		};
/* End XCConfigurationList section */
	};
	rootObject = 3708416D1B1F6FAE0017A089 /* Project object */;
}
