// !$*UTF8*$!
{
	archiveVersion = 1;
	classes = {
	};
	objectVersion = 46;
	objects = {

/* Begin PBXBuildFile section */
		3703C4491B20DDEC0082B5C6 /* main.m in Sources */ = {isa = PBXBuildFile; fileRef = 3703C4481B20DDEC0082B5C6 /* main.m */; };
		3703C44C1B20DDEC0082B5C6 /* AppDelegate.m in Sources */ = {isa = PBXBuildFile; fileRef = 3703C44B1B20DDEC0082B5C6 /* AppDelegate.m */; };
		3703C4521B20DDEC0082B5C6 /* Main.storyboard in Resources */ = {isa = PBXBuildFile; fileRef = 3703C4501B20DDEC0082B5C6 /* Main.storyboard */; };
		3703C4541B20DDEC0082B5C6 /* Images.xcassets in Resources */ = {isa = PBXBuildFile; fileRef = 3703C4531B20DDEC0082B5C6 /* Images.xcassets */; };
		3703C4571B20DDEC0082B5C6 /* LaunchScreen.xib in Resources */ = {isa = PBXBuildFile; fileRef = 3703C4551B20DDEC0082B5C6 /* LaunchScreen.xib */; };
		3703C4631B20DDEC0082B5C6 /* CollectAPISamplerTests.m in Sources */ = {isa = PBXBuildFile; fileRef = 3703C4621B20DDEC0082B5C6 /* CollectAPISamplerTests.m */; };
		E7537B501B21186C009896E7 /* TEALCollectAPIMenuViewController.m in Sources */ = {isa = PBXBuildFile; fileRef = E7537B4F1B21186C009896E7 /* TEALCollectAPIMenuViewController.m */; };
		E7537B541B21189D009896E7 /* TealiumCollect.framework in Frameworks */ = {isa = PBXBuildFile; fileRef = E7537B521B21189D009896E7 /* TealiumCollect.framework */; };
		E7537B551B21189D009896E7 /* TealiumUtilities.framework in Frameworks */ = {isa = PBXBuildFile; fileRef = E7537B531B21189D009896E7 /* TealiumUtilities.framework */; };
		E7537B571B21193B009896E7 /* SystemConfiguration.framework in Frameworks */ = {isa = PBXBuildFile; fileRef = E7537B561B21193B009896E7 /* SystemConfiguration.framework */; };
/* End PBXBuildFile section */

/* Begin PBXContainerItemProxy section */
		3703C45D1B20DDEC0082B5C6 /* PBXContainerItemProxy */ = {
			isa = PBXContainerItemProxy;
			containerPortal = 3703C43B1B20DDEB0082B5C6 /* Project object */;
			proxyType = 1;
			remoteGlobalIDString = 3703C4421B20DDEC0082B5C6;
			remoteInfo = CollectAPISampler;
		};
/* End PBXContainerItemProxy section */

/* Begin PBXFileReference section */
		3703C4431B20DDEC0082B5C6 /* CollectAPISampler.app */ = {isa = PBXFileReference; explicitFileType = wrapper.application; includeInIndex = 0; path = CollectAPISampler.app; sourceTree = BUILT_PRODUCTS_DIR; };
		3703C4471B20DDEC0082B5C6 /* Info.plist */ = {isa = PBXFileReference; lastKnownFileType = text.plist.xml; path = Info.plist; sourceTree = "<group>"; };
		3703C4481B20DDEC0082B5C6 /* main.m */ = {isa = PBXFileReference; lastKnownFileType = sourcecode.c.objc; path = main.m; sourceTree = "<group>"; };
		3703C44A1B20DDEC0082B5C6 /* AppDelegate.h */ = {isa = PBXFileReference; lastKnownFileType = sourcecode.c.h; path = AppDelegate.h; sourceTree = "<group>"; };
		3703C44B1B20DDEC0082B5C6 /* AppDelegate.m */ = {isa = PBXFileReference; lastKnownFileType = sourcecode.c.objc; path = AppDelegate.m; sourceTree = "<group>"; };
		3703C4511B20DDEC0082B5C6 /* Base */ = {isa = PBXFileReference; lastKnownFileType = file.storyboard; name = Base; path = Base.lproj/Main.storyboard; sourceTree = "<group>"; };
		3703C4531B20DDEC0082B5C6 /* Images.xcassets */ = {isa = PBXFileReference; lastKnownFileType = folder.assetcatalog; path = Images.xcassets; sourceTree = "<group>"; };
		3703C4561B20DDEC0082B5C6 /* Base */ = {isa = PBXFileReference; lastKnownFileType = file.xib; name = Base; path = Base.lproj/LaunchScreen.xib; sourceTree = "<group>"; };
		3703C45C1B20DDEC0082B5C6 /* CollectAPISamplerTests.xctest */ = {isa = PBXFileReference; explicitFileType = wrapper.cfbundle; includeInIndex = 0; path = CollectAPISamplerTests.xctest; sourceTree = BUILT_PRODUCTS_DIR; };
		3703C4611B20DDEC0082B5C6 /* Info.plist */ = {isa = PBXFileReference; lastKnownFileType = text.plist.xml; path = Info.plist; sourceTree = "<group>"; };
		3703C4621B20DDEC0082B5C6 /* CollectAPISamplerTests.m */ = {isa = PBXFileReference; lastKnownFileType = sourcecode.c.objc; path = CollectAPISamplerTests.m; sourceTree = "<group>"; };
		E7537B4E1B21186C009896E7 /* TEALCollectAPIMenuViewController.h */ = {isa = PBXFileReference; fileEncoding = 4; lastKnownFileType = sourcecode.c.h; path = TEALCollectAPIMenuViewController.h; sourceTree = "<group>"; };
		E7537B4F1B21186C009896E7 /* TEALCollectAPIMenuViewController.m */ = {isa = PBXFileReference; fileEncoding = 4; lastKnownFileType = sourcecode.c.objc; path = TEALCollectAPIMenuViewController.m; sourceTree = "<group>"; };
		E7537B521B21189D009896E7 /* TealiumCollect.framework */ = {isa = PBXFileReference; lastKnownFileType = wrapper.framework; name = TealiumCollect.framework; path = ../../../release/TealiumCollect.framework; sourceTree = "<group>"; };
		E7537B531B21189D009896E7 /* TealiumUtilities.framework */ = {isa = PBXFileReference; lastKnownFileType = wrapper.framework; name = TealiumUtilities.framework; path = ../../../release/TealiumUtilities.framework; sourceTree = "<group>"; };
		E7537B561B21193B009896E7 /* SystemConfiguration.framework */ = {isa = PBXFileReference; lastKnownFileType = wrapper.framework; name = SystemConfiguration.framework; path = System/Library/Frameworks/SystemConfiguration.framework; sourceTree = SDKROOT; };
/* End PBXFileReference section */

/* Begin PBXFrameworksBuildPhase section */
		3703C4401B20DDEC0082B5C6 /* Frameworks */ = {
			isa = PBXFrameworksBuildPhase;
			buildActionMask = 2147483647;
			files = (
				E7537B571B21193B009896E7 /* SystemConfiguration.framework in Frameworks */,
				E7537B541B21189D009896E7 /* TealiumCollect.framework in Frameworks */,
				E7537B551B21189D009896E7 /* TealiumUtilities.framework in Frameworks */,
			);
			runOnlyForDeploymentPostprocessing = 0;
		};
		3703C4591B20DDEC0082B5C6 /* Frameworks */ = {
			isa = PBXFrameworksBuildPhase;
			buildActionMask = 2147483647;
			files = (
			);
			runOnlyForDeploymentPostprocessing = 0;
		};
/* End PBXFrameworksBuildPhase section */

/* Begin PBXGroup section */
		3703C43A1B20DDEB0082B5C6 = {
			isa = PBXGroup;
			children = (
				E7537B561B21193B009896E7 /* SystemConfiguration.framework */,
				3703C4451B20DDEC0082B5C6 /* CollectAPISampler */,
				E7537B511B211888009896E7 /* Framework */,
				3703C45F1B20DDEC0082B5C6 /* CollectAPISamplerTests */,
				3703C4441B20DDEC0082B5C6 /* Products */,
			);
			sourceTree = "<group>";
		};
		3703C4441B20DDEC0082B5C6 /* Products */ = {
			isa = PBXGroup;
			children = (
				3703C4431B20DDEC0082B5C6 /* CollectAPISampler.app */,
				3703C45C1B20DDEC0082B5C6 /* CollectAPISamplerTests.xctest */,
			);
			name = Products;
			sourceTree = "<group>";
		};
		3703C4451B20DDEC0082B5C6 /* CollectAPISampler */ = {
			isa = PBXGroup;
			children = (
				3703C44A1B20DDEC0082B5C6 /* AppDelegate.h */,
				3703C44B1B20DDEC0082B5C6 /* AppDelegate.m */,
				E7537B4E1B21186C009896E7 /* TEALCollectAPIMenuViewController.h */,
				E7537B4F1B21186C009896E7 /* TEALCollectAPIMenuViewController.m */,
				3703C4501B20DDEC0082B5C6 /* Main.storyboard */,
				3703C4531B20DDEC0082B5C6 /* Images.xcassets */,
				3703C4551B20DDEC0082B5C6 /* LaunchScreen.xib */,
				3703C4461B20DDEC0082B5C6 /* Supporting Files */,
			);
			path = CollectAPISampler;
			sourceTree = "<group>";
		};
		3703C4461B20DDEC0082B5C6 /* Supporting Files */ = {
			isa = PBXGroup;
			children = (
				3703C4471B20DDEC0082B5C6 /* Info.plist */,
				3703C4481B20DDEC0082B5C6 /* main.m */,
			);
			name = "Supporting Files";
			sourceTree = "<group>";
		};
		3703C45F1B20DDEC0082B5C6 /* CollectAPISamplerTests */ = {
			isa = PBXGroup;
			children = (
				3703C4621B20DDEC0082B5C6 /* CollectAPISamplerTests.m */,
				3703C4601B20DDEC0082B5C6 /* Supporting Files */,
			);
			path = CollectAPISamplerTests;
			sourceTree = "<group>";
		};
		3703C4601B20DDEC0082B5C6 /* Supporting Files */ = {
			isa = PBXGroup;
			children = (
				3703C4611B20DDEC0082B5C6 /* Info.plist */,
			);
			name = "Supporting Files";
			sourceTree = "<group>";
		};
		E7537B511B211888009896E7 /* Framework */ = {
			isa = PBXGroup;
			children = (
				E7537B521B21189D009896E7 /* TealiumCollect.framework */,
				E7537B531B21189D009896E7 /* TealiumUtilities.framework */,
			);
			name = Framework;
			sourceTree = "<group>";
		};
/* End PBXGroup section */

/* Begin PBXNativeTarget section */
		3703C4421B20DDEC0082B5C6 /* CollectAPISampler */ = {
			isa = PBXNativeTarget;
			buildConfigurationList = 3703C4661B20DDEC0082B5C6 /* Build configuration list for PBXNativeTarget "CollectAPISampler" */;
			buildPhases = (
				3703C43F1B20DDEC0082B5C6 /* Sources */,
				3703C4401B20DDEC0082B5C6 /* Frameworks */,
				3703C4411B20DDEC0082B5C6 /* Resources */,
			);
			buildRules = (
			);
			dependencies = (
			);
			name = CollectAPISampler;
			productName = CollectAPISampler;
			productReference = 3703C4431B20DDEC0082B5C6 /* CollectAPISampler.app */;
			productType = "com.apple.product-type.application";
		};
		3703C45B1B20DDEC0082B5C6 /* CollectAPISamplerTests */ = {
			isa = PBXNativeTarget;
			buildConfigurationList = 3703C4691B20DDEC0082B5C6 /* Build configuration list for PBXNativeTarget "CollectAPISamplerTests" */;
			buildPhases = (
				3703C4581B20DDEC0082B5C6 /* Sources */,
				3703C4591B20DDEC0082B5C6 /* Frameworks */,
				3703C45A1B20DDEC0082B5C6 /* Resources */,
			);
			buildRules = (
			);
			dependencies = (
				3703C45E1B20DDEC0082B5C6 /* PBXTargetDependency */,
			);
			name = CollectAPISamplerTests;
			productName = CollectAPISamplerTests;
			productReference = 3703C45C1B20DDEC0082B5C6 /* CollectAPISamplerTests.xctest */;
			productType = "com.apple.product-type.bundle.unit-test";
		};
/* End PBXNativeTarget section */

/* Begin PBXProject section */
		3703C43B1B20DDEB0082B5C6 /* Project object */ = {
			isa = PBXProject;
			attributes = {
				LastUpgradeCheck = 0630;
				ORGANIZATIONNAME = "Tealium Inc.";
				TargetAttributes = {
					3703C4421B20DDEC0082B5C6 = {
						CreatedOnToolsVersion = 6.3.2;
					};
					3703C45B1B20DDEC0082B5C6 = {
						CreatedOnToolsVersion = 6.3.2;
						TestTargetID = 3703C4421B20DDEC0082B5C6;
					};
				};
			};
			buildConfigurationList = 3703C43E1B20DDEB0082B5C6 /* Build configuration list for PBXProject "CollectAPISampler" */;
			compatibilityVersion = "Xcode 3.2";
			developmentRegion = English;
			hasScannedForEncodings = 0;
			knownRegions = (
				en,
				Base,
			);
			mainGroup = 3703C43A1B20DDEB0082B5C6;
			productRefGroup = 3703C4441B20DDEC0082B5C6 /* Products */;
			projectDirPath = "";
			projectRoot = "";
			targets = (
				3703C4421B20DDEC0082B5C6 /* CollectAPISampler */,
				3703C45B1B20DDEC0082B5C6 /* CollectAPISamplerTests */,
			);
		};
/* End PBXProject section */

/* Begin PBXResourcesBuildPhase section */
		3703C4411B20DDEC0082B5C6 /* Resources */ = {
			isa = PBXResourcesBuildPhase;
			buildActionMask = 2147483647;
			files = (
				3703C4521B20DDEC0082B5C6 /* Main.storyboard in Resources */,
				3703C4571B20DDEC0082B5C6 /* LaunchScreen.xib in Resources */,
				3703C4541B20DDEC0082B5C6 /* Images.xcassets in Resources */,
			);
			runOnlyForDeploymentPostprocessing = 0;
		};
		3703C45A1B20DDEC0082B5C6 /* Resources */ = {
			isa = PBXResourcesBuildPhase;
			buildActionMask = 2147483647;
			files = (
			);
			runOnlyForDeploymentPostprocessing = 0;
		};
/* End PBXResourcesBuildPhase section */

/* Begin PBXSourcesBuildPhase section */
		3703C43F1B20DDEC0082B5C6 /* Sources */ = {
			isa = PBXSourcesBuildPhase;
			buildActionMask = 2147483647;
			files = (
				E7537B501B21186C009896E7 /* TEALCollectAPIMenuViewController.m in Sources */,
				3703C44C1B20DDEC0082B5C6 /* AppDelegate.m in Sources */,
				3703C4491B20DDEC0082B5C6 /* main.m in Sources */,
			);
			runOnlyForDeploymentPostprocessing = 0;
		};
		3703C4581B20DDEC0082B5C6 /* Sources */ = {
			isa = PBXSourcesBuildPhase;
			buildActionMask = 2147483647;
			files = (
				3703C4631B20DDEC0082B5C6 /* CollectAPISamplerTests.m in Sources */,
			);
			runOnlyForDeploymentPostprocessing = 0;
		};
/* End PBXSourcesBuildPhase section */

/* Begin PBXTargetDependency section */
		3703C45E1B20DDEC0082B5C6 /* PBXTargetDependency */ = {
			isa = PBXTargetDependency;
			target = 3703C4421B20DDEC0082B5C6 /* CollectAPISampler */;
			targetProxy = 3703C45D1B20DDEC0082B5C6 /* PBXContainerItemProxy */;
		};
/* End PBXTargetDependency section */

/* Begin PBXVariantGroup section */
		3703C4501B20DDEC0082B5C6 /* Main.storyboard */ = {
			isa = PBXVariantGroup;
			children = (
				3703C4511B20DDEC0082B5C6 /* Base */,
			);
			name = Main.storyboard;
			sourceTree = "<group>";
		};
		3703C4551B20DDEC0082B5C6 /* LaunchScreen.xib */ = {
			isa = PBXVariantGroup;
			children = (
				3703C4561B20DDEC0082B5C6 /* Base */,
			);
			name = LaunchScreen.xib;
			sourceTree = "<group>";
		};
/* End PBXVariantGroup section */

/* Begin XCBuildConfiguration section */
		3703C4641B20DDEC0082B5C6 /* Debug */ = {
			isa = XCBuildConfiguration;
			buildSettings = {
				ALWAYS_SEARCH_USER_PATHS = NO;
				CLANG_CXX_LANGUAGE_STANDARD = "gnu++0x";
				CLANG_CXX_LIBRARY = "libc++";
				CLANG_ENABLE_MODULES = YES;
				CLANG_ENABLE_OBJC_ARC = YES;
				CLANG_WARN_BOOL_CONVERSION = YES;
				CLANG_WARN_CONSTANT_CONVERSION = YES;
				CLANG_WARN_DIRECT_OBJC_ISA_USAGE = YES_ERROR;
				CLANG_WARN_EMPTY_BODY = YES;
				CLANG_WARN_ENUM_CONVERSION = YES;
				CLANG_WARN_INT_CONVERSION = YES;
				CLANG_WARN_OBJC_ROOT_CLASS = YES_ERROR;
				CLANG_WARN_UNREACHABLE_CODE = YES;
				CLANG_WARN__DUPLICATE_METHOD_MATCH = YES;
				"CODE_SIGN_IDENTITY[sdk=iphoneos*]" = "iPhone Developer";
				COPY_PHASE_STRIP = NO;
				DEBUG_INFORMATION_FORMAT = "dwarf-with-dsym";
				ENABLE_STRICT_OBJC_MSGSEND = YES;
				GCC_C_LANGUAGE_STANDARD = gnu99;
				GCC_DYNAMIC_NO_PIC = NO;
				GCC_NO_COMMON_BLOCKS = YES;
				GCC_OPTIMIZATION_LEVEL = 0;
				GCC_PREPROCESSOR_DEFINITIONS = (
					"DEBUG=1",
					"$(inherited)",
				);
				GCC_SYMBOLS_PRIVATE_EXTERN = NO;
				GCC_WARN_64_TO_32_BIT_CONVERSION = YES;
				GCC_WARN_ABOUT_RETURN_TYPE = YES_ERROR;
				GCC_WARN_UNDECLARED_SELECTOR = YES;
				GCC_WARN_UNINITIALIZED_AUTOS = YES_AGGRESSIVE;
				GCC_WARN_UNUSED_FUNCTION = YES;
				GCC_WARN_UNUSED_VARIABLE = YES;
				IPHONEOS_DEPLOYMENT_TARGET = 8.3;
				MTL_ENABLE_DEBUG_INFO = YES;
				ONLY_ACTIVE_ARCH = YES;
				SDKROOT = iphoneos;
				TARGETED_DEVICE_FAMILY = "1,2";
			};
			name = Debug;
		};
		3703C4651B20DDEC0082B5C6 /* Release */ = {
			isa = XCBuildConfiguration;
			buildSettings = {
				ALWAYS_SEARCH_USER_PATHS = NO;
				CLANG_CXX_LANGUAGE_STANDARD = "gnu++0x";
				CLANG_CXX_LIBRARY = "libc++";
				CLANG_ENABLE_MODULES = YES;
				CLANG_ENABLE_OBJC_ARC = YES;
				CLANG_WARN_BOOL_CONVERSION = YES;
				CLANG_WARN_CONSTANT_CONVERSION = YES;
				CLANG_WARN_DIRECT_OBJC_ISA_USAGE = YES_ERROR;
				CLANG_WARN_EMPTY_BODY = YES;
				CLANG_WARN_ENUM_CONVERSION = YES;
				CLANG_WARN_INT_CONVERSION = YES;
				CLANG_WARN_OBJC_ROOT_CLASS = YES_ERROR;
				CLANG_WARN_UNREACHABLE_CODE = YES;
				CLANG_WARN__DUPLICATE_METHOD_MATCH = YES;
				"CODE_SIGN_IDENTITY[sdk=iphoneos*]" = "iPhone Developer";
				COPY_PHASE_STRIP = NO;
				DEBUG_INFORMATION_FORMAT = "dwarf-with-dsym";
				ENABLE_NS_ASSERTIONS = NO;
				ENABLE_STRICT_OBJC_MSGSEND = YES;
				GCC_C_LANGUAGE_STANDARD = gnu99;
				GCC_NO_COMMON_BLOCKS = YES;
				GCC_WARN_64_TO_32_BIT_CONVERSION = YES;
				GCC_WARN_ABOUT_RETURN_TYPE = YES_ERROR;
				GCC_WARN_UNDECLARED_SELECTOR = YES;
				GCC_WARN_UNINITIALIZED_AUTOS = YES_AGGRESSIVE;
				GCC_WARN_UNUSED_FUNCTION = YES;
				GCC_WARN_UNUSED_VARIABLE = YES;
				IPHONEOS_DEPLOYMENT_TARGET = 8.3;
				MTL_ENABLE_DEBUG_INFO = NO;
				SDKROOT = iphoneos;
				TARGETED_DEVICE_FAMILY = "1,2";
				VALIDATE_PRODUCT = YES;
			};
			name = Release;
		};
		3703C4671B20DDEC0082B5C6 /* Debug */ = {
			isa = XCBuildConfiguration;
			buildSettings = {
				ASSETCATALOG_COMPILER_APPICON_NAME = AppIcon;
				FRAMEWORK_SEARCH_PATHS = (
					"$(inherited)",
					"/Users/georgewebster/Documents/iOS/collect-ios/release",
				);
				INFOPLIST_FILE = CollectAPISampler/Info.plist;
				LD_RUNPATH_SEARCH_PATHS = "$(inherited) @executable_path/Frameworks";
				OTHER_LDFLAGS = "-ObjC";
				PRODUCT_NAME = "$(TARGET_NAME)";
			};
			name = Debug;
		};
		3703C4681B20DDEC0082B5C6 /* Release */ = {
			isa = XCBuildConfiguration;
			buildSettings = {
				ASSETCATALOG_COMPILER_APPICON_NAME = AppIcon;
				FRAMEWORK_SEARCH_PATHS = (
					"$(inherited)",
					"/Users/georgewebster/Documents/iOS/collect-ios/release",
				);
				INFOPLIST_FILE = CollectAPISampler/Info.plist;
				LD_RUNPATH_SEARCH_PATHS = "$(inherited) @executable_path/Frameworks";
				OTHER_LDFLAGS = "-ObjC";
				PRODUCT_NAME = "$(TARGET_NAME)";
			};
			name = Release;
		};
		3703C46A1B20DDEC0082B5C6 /* Debug */ = {
			isa = XCBuildConfiguration;
			buildSettings = {
				BUNDLE_LOADER = "$(TEST_HOST)";
				FRAMEWORK_SEARCH_PATHS = (
					"$(SDKROOT)/Developer/Library/Frameworks",
					"$(inherited)",
				);
				GCC_PREPROCESSOR_DEFINITIONS = (
					"DEBUG=1",
					"$(inherited)",
				);
				INFOPLIST_FILE = CollectAPISamplerTests/Info.plist;
				LD_RUNPATH_SEARCH_PATHS = "$(inherited) @executable_path/Frameworks @loader_path/Frameworks";
				PRODUCT_NAME = "$(TARGET_NAME)";
				TEST_HOST = "$(BUILT_PRODUCTS_DIR)/CollectAPISampler.app/CollectAPISampler";
			};
			name = Debug;
		};
		3703C46B1B20DDEC0082B5C6 /* Release */ = {
			isa = XCBuildConfiguration;
			buildSettings = {
				BUNDLE_LOADER = "$(TEST_HOST)";
				FRAMEWORK_SEARCH_PATHS = (
					"$(SDKROOT)/Developer/Library/Frameworks",
					"$(inherited)",
				);
				INFOPLIST_FILE = CollectAPISamplerTests/Info.plist;
				LD_RUNPATH_SEARCH_PATHS = "$(inherited) @executable_path/Frameworks @loader_path/Frameworks";
				PRODUCT_NAME = "$(TARGET_NAME)";
				TEST_HOST = "$(BUILT_PRODUCTS_DIR)/CollectAPISampler.app/CollectAPISampler";
			};
			name = Release;
		};
/* End XCBuildConfiguration section */

/* Begin XCConfigurationList section */
		3703C43E1B20DDEB0082B5C6 /* Build configuration list for PBXProject "CollectAPISampler" */ = {
			isa = XCConfigurationList;
			buildConfigurations = (
				3703C4641B20DDEC0082B5C6 /* Debug */,
				3703C4651B20DDEC0082B5C6 /* Release */,
			);
			defaultConfigurationIsVisible = 0;
			defaultConfigurationName = Release;
		};
		3703C4661B20DDEC0082B5C6 /* Build configuration list for PBXNativeTarget "CollectAPISampler" */ = {
			isa = XCConfigurationList;
			buildConfigurations = (
				3703C4671B20DDEC0082B5C6 /* Debug */,
				3703C4681B20DDEC0082B5C6 /* Release */,
			);
			defaultConfigurationIsVisible = 0;
			defaultConfigurationName = Release;
		};
		3703C4691B20DDEC0082B5C6 /* Build configuration list for PBXNativeTarget "CollectAPISamplerTests" */ = {
			isa = XCConfigurationList;
			buildConfigurations = (
				3703C46A1B20DDEC0082B5C6 /* Debug */,
				3703C46B1B20DDEC0082B5C6 /* Release */,
			);
			defaultConfigurationIsVisible = 0;
			defaultConfigurationName = Release;
		};
/* End XCConfigurationList section */
	};
	rootObject = 3703C43B1B20DDEB0082B5C6 /* Project object */;
}
